// !$*UTF8*$!
{
	archiveVersion = 1;
	classes = {
	};
	objectVersion = 56;
	objects = {

/* Begin PBXBuildFile section */
		D80EECA12C49FDD00098CC8A /* .gitignore in Resources */ = {isa = PBXBuildFile; fileRef = D80EECA02C49FDD00098CC8A /* .gitignore */; };
		D80EECA32C4A009F0098CC8A /* IssueView.swift in Sources */ = {isa = PBXBuildFile; fileRef = D80EECA22C4A009F0098CC8A /* IssueView.swift */; };
		D80EECA52C4A00A60098CC8A /* NoIssueView.swift in Sources */ = {isa = PBXBuildFile; fileRef = D80EECA42C4A00A60098CC8A /* NoIssueView.swift */; };
		D818ED0C2C494AF00066540A /* Issue-CoreDataHelpers.swift in Sources */ = {isa = PBXBuildFile; fileRef = D818ED0B2C494AF00066540A /* Issue-CoreDataHelpers.swift */; };
		D818ED282C494C890066540A /* Tag-CoreDataHelpers.swift in Sources */ = {isa = PBXBuildFile; fileRef = D818ED272C494C890066540A /* Tag-CoreDataHelpers.swift */; };
		D818ED2C2C49530C0066540A /* IssueRow.swift in Sources */ = {isa = PBXBuildFile; fileRef = D818ED2B2C49530C0066540A /* IssueRow.swift */; };
		D844DC0B2C4FD8740041A140 /* TagsMenuView.swift in Sources */ = {isa = PBXBuildFile; fileRef = D844DC0A2C4FD8740041A140 /* TagsMenuView.swift */; };
		D844DC0D2C4FD9C10041A140 /* SmartFilterRow.swift in Sources */ = {isa = PBXBuildFile; fileRef = D844DC0C2C4FD9C10041A140 /* SmartFilterRow.swift */; };
		D844DC0F2C4FDAEC0041A140 /* UserFilterRow.swift in Sources */ = {isa = PBXBuildFile; fileRef = D844DC0E2C4FDAEC0041A140 /* UserFilterRow.swift */; };
		D863CAE92C48076000842EBE /* FeedbackAssistantApp.swift in Sources */ = {isa = PBXBuildFile; fileRef = D863CAE82C48076000842EBE /* FeedbackAssistantApp.swift */; };
		D863CAEB2C48076000842EBE /* ContentView.swift in Sources */ = {isa = PBXBuildFile; fileRef = D863CAEA2C48076000842EBE /* ContentView.swift */; };
		D863CAED2C48076100842EBE /* Assets.xcassets in Resources */ = {isa = PBXBuildFile; fileRef = D863CAEC2C48076100842EBE /* Assets.xcassets */; };
		D863CAF02C48076100842EBE /* Preview Assets.xcassets in Resources */ = {isa = PBXBuildFile; fileRef = D863CAEF2C48076100842EBE /* Preview Assets.xcassets */; };
		D867A7E72C48C8240012B397 /* SidebarView.swift in Sources */ = {isa = PBXBuildFile; fileRef = D867A7E62C48C8240012B397 /* SidebarView.swift */; };
		D867A7E92C48C82D0012B397 /* DetailView.swift in Sources */ = {isa = PBXBuildFile; fileRef = D867A7E82C48C82D0012B397 /* DetailView.swift */; };
		D867A7EB2C48C90F0012B397 /* Filter.swift in Sources */ = {isa = PBXBuildFile; fileRef = D867A7EA2C48C90F0012B397 /* Filter.swift */; };
		D86D79C62C4E180D0051EF57 /* Bundle-Decodable.swift in Sources */ = {isa = PBXBuildFile; fileRef = D86D79C52C4E180D0051EF57 /* Bundle-Decodable.swift */; };
		D87FCDE12C489FDD00451197 /* Main.xcdatamodeld in Sources */ = {isa = PBXBuildFile; fileRef = D87FCDDF2C489FDD00451197 /* Main.xcdatamodeld */; };
		D87FCDE32C48A2FE00451197 /* DataController.swift in Sources */ = {isa = PBXBuildFile; fileRef = D87FCDE22C48A2FE00451197 /* DataController.swift */; };
		D8814AF92C4F390000F29B18 /* Localizable.xcstrings in Resources */ = {isa = PBXBuildFile; fileRef = D8814AF82C4F390000F29B18 /* Localizable.xcstrings */; };
		D8814AFB2C4F56CE00F29B18 /* SidebarViewToolbar.swift in Sources */ = {isa = PBXBuildFile; fileRef = D8814AFA2C4F56CE00F29B18 /* SidebarViewToolbar.swift */; };
		D8814AFD2C4F59A000F29B18 /* IssueViewToolbar.swift in Sources */ = {isa = PBXBuildFile; fileRef = D8814AFC2C4F59A000F29B18 /* IssueViewToolbar.swift */; };
		D8814AFF2C4F5A9200F29B18 /* ContentViewToolbar.swift in Sources */ = {isa = PBXBuildFile; fileRef = D8814AFE2C4F5A9200F29B18 /* ContentViewToolbar.swift */; };
		D8F207BB2C4E865300A43FC5 /* Colors.xcassets in Resources */ = {isa = PBXBuildFile; fileRef = D8F207B92C4E865300A43FC5 /* Colors.xcassets */; };
		D8F207BC2C4E865300A43FC5 /* Awards.json in Resources */ = {isa = PBXBuildFile; fileRef = D8F207BA2C4E865300A43FC5 /* Awards.json */; };
		D8F207BE2C4E86F700A43FC5 /* Award.swift in Sources */ = {isa = PBXBuildFile; fileRef = D8F207BD2C4E86F700A43FC5 /* Award.swift */; };
		D8F207C02C4E880600A43FC5 /* AwardsView.swift in Sources */ = {isa = PBXBuildFile; fileRef = D8F207BF2C4E880600A43FC5 /* AwardsView.swift */; };
/* End PBXBuildFile section */

/* Begin PBXFileReference section */
		D80EECA02C49FDD00098CC8A /* .gitignore */ = {isa = PBXFileReference; lastKnownFileType = text; path = .gitignore; sourceTree = "<group>"; };
		D80EECA22C4A009F0098CC8A /* IssueView.swift */ = {isa = PBXFileReference; lastKnownFileType = sourcecode.swift; path = IssueView.swift; sourceTree = "<group>"; };
		D80EECA42C4A00A60098CC8A /* NoIssueView.swift */ = {isa = PBXFileReference; lastKnownFileType = sourcecode.swift; path = NoIssueView.swift; sourceTree = "<group>"; };
		D818ED0B2C494AF00066540A /* Issue-CoreDataHelpers.swift */ = {isa = PBXFileReference; lastKnownFileType = sourcecode.swift; path = "Issue-CoreDataHelpers.swift"; sourceTree = "<group>"; };
		D818ED272C494C890066540A /* Tag-CoreDataHelpers.swift */ = {isa = PBXFileReference; lastKnownFileType = sourcecode.swift; path = "Tag-CoreDataHelpers.swift"; sourceTree = "<group>"; };
		D818ED2B2C49530C0066540A /* IssueRow.swift */ = {isa = PBXFileReference; lastKnownFileType = sourcecode.swift; path = IssueRow.swift; sourceTree = "<group>"; };
		D844DC0A2C4FD8740041A140 /* TagsMenuView.swift */ = {isa = PBXFileReference; lastKnownFileType = sourcecode.swift; path = TagsMenuView.swift; sourceTree = "<group>"; };
		D844DC0C2C4FD9C10041A140 /* SmartFilterRow.swift */ = {isa = PBXFileReference; lastKnownFileType = sourcecode.swift; path = SmartFilterRow.swift; sourceTree = "<group>"; };
		D844DC0E2C4FDAEC0041A140 /* UserFilterRow.swift */ = {isa = PBXFileReference; lastKnownFileType = sourcecode.swift; path = UserFilterRow.swift; sourceTree = "<group>"; };
		D863CAE52C48076000842EBE /* FeedbackAssistant.app */ = {isa = PBXFileReference; explicitFileType = wrapper.application; includeInIndex = 0; path = FeedbackAssistant.app; sourceTree = BUILT_PRODUCTS_DIR; };
		D863CAE82C48076000842EBE /* FeedbackAssistantApp.swift */ = {isa = PBXFileReference; lastKnownFileType = sourcecode.swift; path = FeedbackAssistantApp.swift; sourceTree = "<group>"; };
		D863CAEA2C48076000842EBE /* ContentView.swift */ = {isa = PBXFileReference; lastKnownFileType = sourcecode.swift; path = ContentView.swift; sourceTree = "<group>"; };
		D863CAEC2C48076100842EBE /* Assets.xcassets */ = {isa = PBXFileReference; lastKnownFileType = folder.assetcatalog; path = Assets.xcassets; sourceTree = "<group>"; };
		D863CAEF2C48076100842EBE /* Preview Assets.xcassets */ = {isa = PBXFileReference; lastKnownFileType = folder.assetcatalog; path = "Preview Assets.xcassets"; sourceTree = "<group>"; };
		D867A7E62C48C8240012B397 /* SidebarView.swift */ = {isa = PBXFileReference; lastKnownFileType = sourcecode.swift; path = SidebarView.swift; sourceTree = "<group>"; };
		D867A7E82C48C82D0012B397 /* DetailView.swift */ = {isa = PBXFileReference; lastKnownFileType = sourcecode.swift; path = DetailView.swift; sourceTree = "<group>"; };
		D867A7EA2C48C90F0012B397 /* Filter.swift */ = {isa = PBXFileReference; lastKnownFileType = sourcecode.swift; path = Filter.swift; sourceTree = "<group>"; };
		D86D79C52C4E180D0051EF57 /* Bundle-Decodable.swift */ = {isa = PBXFileReference; lastKnownFileType = sourcecode.swift; path = "Bundle-Decodable.swift"; sourceTree = "<group>"; };
		D87FCDE02C489FDD00451197 /* Main.xcdatamodel */ = {isa = PBXFileReference; lastKnownFileType = wrapper.xcdatamodel; path = Main.xcdatamodel; sourceTree = "<group>"; };
		D87FCDE22C48A2FE00451197 /* DataController.swift */ = {isa = PBXFileReference; lastKnownFileType = sourcecode.swift; path = DataController.swift; sourceTree = "<group>"; };
		D87FCDE42C48AEDF00451197 /* FeedbackAssistant.entitlements */ = {isa = PBXFileReference; lastKnownFileType = text.plist.entitlements; path = FeedbackAssistant.entitlements; sourceTree = "<group>"; };
		D87FCDE52C48AEE800451197 /* Info.plist */ = {isa = PBXFileReference; lastKnownFileType = text.plist; path = Info.plist; sourceTree = "<group>"; };
		D8814AF82C4F390000F29B18 /* Localizable.xcstrings */ = {isa = PBXFileReference; lastKnownFileType = text.json.xcstrings; path = Localizable.xcstrings; sourceTree = "<group>"; };
		D8814AFA2C4F56CE00F29B18 /* SidebarViewToolbar.swift */ = {isa = PBXFileReference; lastKnownFileType = sourcecode.swift; path = SidebarViewToolbar.swift; sourceTree = "<group>"; };
		D8814AFC2C4F59A000F29B18 /* IssueViewToolbar.swift */ = {isa = PBXFileReference; lastKnownFileType = sourcecode.swift; path = IssueViewToolbar.swift; sourceTree = "<group>"; };
		D8814AFE2C4F5A9200F29B18 /* ContentViewToolbar.swift */ = {isa = PBXFileReference; lastKnownFileType = sourcecode.swift; path = ContentViewToolbar.swift; sourceTree = "<group>"; };
		D8F207B92C4E865300A43FC5 /* Colors.xcassets */ = {isa = PBXFileReference; lastKnownFileType = folder.assetcatalog; path = Colors.xcassets; sourceTree = "<group>"; };
		D8F207BA2C4E865300A43FC5 /* Awards.json */ = {isa = PBXFileReference; fileEncoding = 4; lastKnownFileType = text.json; path = Awards.json; sourceTree = "<group>"; };
		D8F207BD2C4E86F700A43FC5 /* Award.swift */ = {isa = PBXFileReference; lastKnownFileType = sourcecode.swift; path = Award.swift; sourceTree = "<group>"; };
		D8F207BF2C4E880600A43FC5 /* AwardsView.swift */ = {isa = PBXFileReference; lastKnownFileType = sourcecode.swift; path = AwardsView.swift; sourceTree = "<group>"; };
/* End PBXFileReference section */

/* Begin PBXFrameworksBuildPhase section */
		D863CAE22C48076000842EBE /* Frameworks */ = {
			isa = PBXFrameworksBuildPhase;
			buildActionMask = 2147483647;
			files = (
			);
			runOnlyForDeploymentPostprocessing = 0;
		};
/* End PBXFrameworksBuildPhase section */

/* Begin PBXGroup section */
		D863CADC2C48076000842EBE = {
			isa = PBXGroup;
			children = (
				D863CAE72C48076000842EBE /* FeedbackAssistant */,
				D863CAE62C48076000842EBE /* Products */,
			);
			sourceTree = "<group>";
		};
		D863CAE62C48076000842EBE /* Products */ = {
			isa = PBXGroup;
			children = (
				D863CAE52C48076000842EBE /* FeedbackAssistant.app */,
			);
			name = Products;
			sourceTree = "<group>";
		};
		D863CAE72C48076000842EBE /* FeedbackAssistant */ = {
			isa = PBXGroup;
			children = (
				D87FCDE52C48AEE800451197 /* Info.plist */,
				D87FCDE42C48AEDF00451197 /* FeedbackAssistant.entitlements */,
				D87FCDE22C48A2FE00451197 /* DataController.swift */,
				D863CAE82C48076000842EBE /* FeedbackAssistantApp.swift */,
				D867A7E62C48C8240012B397 /* SidebarView.swift */,
				D8814AFA2C4F56CE00F29B18 /* SidebarViewToolbar.swift */,
				D844DC0C2C4FD9C10041A140 /* SmartFilterRow.swift */,
				D844DC0E2C4FDAEC0041A140 /* UserFilterRow.swift */,
				D863CAEA2C48076000842EBE /* ContentView.swift */,
				D8814AFE2C4F5A9200F29B18 /* ContentViewToolbar.swift */,
				D818ED2B2C49530C0066540A /* IssueRow.swift */,
				D80EECA22C4A009F0098CC8A /* IssueView.swift */,
				D8814AFC2C4F59A000F29B18 /* IssueViewToolbar.swift */,
				D844DC0A2C4FD8740041A140 /* TagsMenuView.swift */,
				D80EECA42C4A00A60098CC8A /* NoIssueView.swift */,
				D867A7E82C48C82D0012B397 /* DetailView.swift */,
				D87FCDDF2C489FDD00451197 /* Main.xcdatamodeld */,
				D86D79C52C4E180D0051EF57 /* Bundle-Decodable.swift */,
				D867A7EA2C48C90F0012B397 /* Filter.swift */,
				D818ED0B2C494AF00066540A /* Issue-CoreDataHelpers.swift */,
				D818ED272C494C890066540A /* Tag-CoreDataHelpers.swift */,
				D8F207BA2C4E865300A43FC5 /* Awards.json */,
				D8F207BD2C4E86F700A43FC5 /* Award.swift */,
				D8F207BF2C4E880600A43FC5 /* AwardsView.swift */,
				D8814AF82C4F390000F29B18 /* Localizable.xcstrings */,
				D8F207B92C4E865300A43FC5 /* Colors.xcassets */,
				D80EECA02C49FDD00098CC8A /* .gitignore */,
				D863CAEC2C48076100842EBE /* Assets.xcassets */,
				D863CAEE2C48076100842EBE /* Preview Content */,
			);
			path = FeedbackAssistant;
			sourceTree = "<group>";
		};
		D863CAEE2C48076100842EBE /* Preview Content */ = {
			isa = PBXGroup;
			children = (
				D863CAEF2C48076100842EBE /* Preview Assets.xcassets */,
			);
			path = "Preview Content";
			sourceTree = "<group>";
		};
/* End PBXGroup section */

/* Begin PBXNativeTarget section */
		D863CAE42C48076000842EBE /* FeedbackAssistant */ = {
			isa = PBXNativeTarget;
			buildConfigurationList = D863CAF32C48076100842EBE /* Build configuration list for PBXNativeTarget "FeedbackAssistant" */;
			buildPhases = (
				D863CAE12C48076000842EBE /* Sources */,
				D863CAE22C48076000842EBE /* Frameworks */,
				D863CAE32C48076000842EBE /* Resources */,
			);
			buildRules = (
			);
			dependencies = (
			);
			name = FeedbackAssistant;
			productName = FeedbackAssistant;
			productReference = D863CAE52C48076000842EBE /* FeedbackAssistant.app */;
			productType = "com.apple.product-type.application";
		};
/* End PBXNativeTarget section */

/* Begin PBXProject section */
		D863CADD2C48076000842EBE /* Project object */ = {
			isa = PBXProject;
			attributes = {
				BuildIndependentTargetsInParallel = 1;
				LastSwiftUpdateCheck = 1540;
				LastUpgradeCheck = 1540;
				TargetAttributes = {
					D863CAE42C48076000842EBE = {
						CreatedOnToolsVersion = 15.4;
					};
				};
			};
			buildConfigurationList = D863CAE02C48076000842EBE /* Build configuration list for PBXProject "FeedbackAssistant" */;
			compatibilityVersion = "Xcode 14.0";
			developmentRegion = en;
			hasScannedForEncodings = 0;
			knownRegions = (
				en,
				Base,
				"zh-Hans",
			);
			mainGroup = D863CADC2C48076000842EBE;
			productRefGroup = D863CAE62C48076000842EBE /* Products */;
			projectDirPath = "";
			projectRoot = "";
			targets = (
				D863CAE42C48076000842EBE /* FeedbackAssistant */,
			);
		};
/* End PBXProject section */

/* Begin PBXResourcesBuildPhase section */
		D863CAE32C48076000842EBE /* Resources */ = {
			isa = PBXResourcesBuildPhase;
			buildActionMask = 2147483647;
			files = (
				D863CAF02C48076100842EBE /* Preview Assets.xcassets in Resources */,
				D8F207BC2C4E865300A43FC5 /* Awards.json in Resources */,
				D8814AF92C4F390000F29B18 /* Localizable.xcstrings in Resources */,
				D8F207BB2C4E865300A43FC5 /* Colors.xcassets in Resources */,
				D80EECA12C49FDD00098CC8A /* .gitignore in Resources */,
				D863CAED2C48076100842EBE /* Assets.xcassets in Resources */,
			);
			runOnlyForDeploymentPostprocessing = 0;
		};
/* End PBXResourcesBuildPhase section */

/* Begin PBXSourcesBuildPhase section */
		D863CAE12C48076000842EBE /* Sources */ = {
			isa = PBXSourcesBuildPhase;
			buildActionMask = 2147483647;
			files = (
				D867A7EB2C48C90F0012B397 /* Filter.swift in Sources */,
				D844DC0B2C4FD8740041A140 /* TagsMenuView.swift in Sources */,
				D8F207BE2C4E86F700A43FC5 /* Award.swift in Sources */,
				D8814AFD2C4F59A000F29B18 /* IssueViewToolbar.swift in Sources */,
				D844DC0D2C4FD9C10041A140 /* SmartFilterRow.swift in Sources */,
				D8F207C02C4E880600A43FC5 /* AwardsView.swift in Sources */,
				D818ED282C494C890066540A /* Tag-CoreDataHelpers.swift in Sources */,
				D87FCDE12C489FDD00451197 /* Main.xcdatamodeld in Sources */,
				D818ED0C2C494AF00066540A /* Issue-CoreDataHelpers.swift in Sources */,
				D86D79C62C4E180D0051EF57 /* Bundle-Decodable.swift in Sources */,
				D867A7E92C48C82D0012B397 /* DetailView.swift in Sources */,
				D87FCDE32C48A2FE00451197 /* DataController.swift in Sources */,
				D8814AFF2C4F5A9200F29B18 /* ContentViewToolbar.swift in Sources */,
				D867A7E72C48C8240012B397 /* SidebarView.swift in Sources */,
				D863CAEB2C48076000842EBE /* ContentView.swift in Sources */,
				D8814AFB2C4F56CE00F29B18 /* SidebarViewToolbar.swift in Sources */,
				D80EECA32C4A009F0098CC8A /* IssueView.swift in Sources */,
				D844DC0F2C4FDAEC0041A140 /* UserFilterRow.swift in Sources */,
				D80EECA52C4A00A60098CC8A /* NoIssueView.swift in Sources */,
				D818ED2C2C49530C0066540A /* IssueRow.swift in Sources */,
				D863CAE92C48076000842EBE /* FeedbackAssistantApp.swift in Sources */,
			);
			runOnlyForDeploymentPostprocessing = 0;
		};
/* End PBXSourcesBuildPhase section */

/* Begin XCBuildConfiguration section */
		D863CAF12C48076100842EBE /* Debug */ = {
			isa = XCBuildConfiguration;
			buildSettings = {
				ALWAYS_SEARCH_USER_PATHS = NO;
				ASSETCATALOG_COMPILER_GENERATE_SWIFT_ASSET_SYMBOL_EXTENSIONS = YES;
				CLANG_ANALYZER_NONNULL = YES;
				CLANG_ANALYZER_NUMBER_OBJECT_CONVERSION = YES_AGGRESSIVE;
				CLANG_CXX_LANGUAGE_STANDARD = "gnu++20";
				CLANG_ENABLE_MODULES = YES;
				CLANG_ENABLE_OBJC_ARC = YES;
				CLANG_ENABLE_OBJC_WEAK = YES;
				CLANG_WARN_BLOCK_CAPTURE_AUTORELEASING = YES;
				CLANG_WARN_BOOL_CONVERSION = YES;
				CLANG_WARN_COMMA = YES;
				CLANG_WARN_CONSTANT_CONVERSION = YES;
				CLANG_WARN_DEPRECATED_OBJC_IMPLEMENTATIONS = YES;
				CLANG_WARN_DIRECT_OBJC_ISA_USAGE = YES_ERROR;
				CLANG_WARN_DOCUMENTATION_COMMENTS = YES;
				CLANG_WARN_EMPTY_BODY = YES;
				CLANG_WARN_ENUM_CONVERSION = YES;
				CLANG_WARN_INFINITE_RECURSION = YES;
				CLANG_WARN_INT_CONVERSION = YES;
				CLANG_WARN_NON_LITERAL_NULL_CONVERSION = YES;
				CLANG_WARN_OBJC_IMPLICIT_RETAIN_SELF = YES;
				CLANG_WARN_OBJC_LITERAL_CONVERSION = YES;
				CLANG_WARN_OBJC_ROOT_CLASS = YES_ERROR;
				CLANG_WARN_QUOTED_INCLUDE_IN_FRAMEWORK_HEADER = YES;
				CLANG_WARN_RANGE_LOOP_ANALYSIS = YES;
				CLANG_WARN_STRICT_PROTOTYPES = YES;
				CLANG_WARN_SUSPICIOUS_MOVE = YES;
				CLANG_WARN_UNGUARDED_AVAILABILITY = YES_AGGRESSIVE;
				CLANG_WARN_UNREACHABLE_CODE = YES;
				CLANG_WARN__DUPLICATE_METHOD_MATCH = YES;
				COPY_PHASE_STRIP = NO;
				DEBUG_INFORMATION_FORMAT = dwarf;
				ENABLE_STRICT_OBJC_MSGSEND = YES;
				ENABLE_TESTABILITY = YES;
				ENABLE_USER_SCRIPT_SANDBOXING = YES;
				GCC_C_LANGUAGE_STANDARD = gnu17;
				GCC_DYNAMIC_NO_PIC = NO;
				GCC_NO_COMMON_BLOCKS = YES;
				GCC_OPTIMIZATION_LEVEL = 0;
				GCC_PREPROCESSOR_DEFINITIONS = (
					"DEBUG=1",
					"$(inherited)",
				);
				GCC_WARN_64_TO_32_BIT_CONVERSION = YES;
				GCC_WARN_ABOUT_RETURN_TYPE = YES_ERROR;
				GCC_WARN_UNDECLARED_SELECTOR = YES;
				GCC_WARN_UNINITIALIZED_AUTOS = YES_AGGRESSIVE;
				GCC_WARN_UNUSED_FUNCTION = YES;
				GCC_WARN_UNUSED_VARIABLE = YES;
				IPHONEOS_DEPLOYMENT_TARGET = 17.5;
				LOCALIZATION_PREFERS_STRING_CATALOGS = YES;
				MTL_ENABLE_DEBUG_INFO = INCLUDE_SOURCE;
				MTL_FAST_MATH = YES;
				ONLY_ACTIVE_ARCH = YES;
				SDKROOT = iphoneos;
				SWIFT_ACTIVE_COMPILATION_CONDITIONS = "DEBUG $(inherited)";
				SWIFT_OPTIMIZATION_LEVEL = "-Onone";
			};
			name = Debug;
		};
		D863CAF22C48076100842EBE /* Release */ = {
			isa = XCBuildConfiguration;
			buildSettings = {
				ALWAYS_SEARCH_USER_PATHS = NO;
				ASSETCATALOG_COMPILER_GENERATE_SWIFT_ASSET_SYMBOL_EXTENSIONS = YES;
				CLANG_ANALYZER_NONNULL = YES;
				CLANG_ANALYZER_NUMBER_OBJECT_CONVERSION = YES_AGGRESSIVE;
				CLANG_CXX_LANGUAGE_STANDARD = "gnu++20";
				CLANG_ENABLE_MODULES = YES;
				CLANG_ENABLE_OBJC_ARC = YES;
				CLANG_ENABLE_OBJC_WEAK = YES;
				CLANG_WARN_BLOCK_CAPTURE_AUTORELEASING = YES;
				CLANG_WARN_BOOL_CONVERSION = YES;
				CLANG_WARN_COMMA = YES;
				CLANG_WARN_CONSTANT_CONVERSION = YES;
				CLANG_WARN_DEPRECATED_OBJC_IMPLEMENTATIONS = YES;
				CLANG_WARN_DIRECT_OBJC_ISA_USAGE = YES_ERROR;
				CLANG_WARN_DOCUMENTATION_COMMENTS = YES;
				CLANG_WARN_EMPTY_BODY = YES;
				CLANG_WARN_ENUM_CONVERSION = YES;
				CLANG_WARN_INFINITE_RECURSION = YES;
				CLANG_WARN_INT_CONVERSION = YES;
				CLANG_WARN_NON_LITERAL_NULL_CONVERSION = YES;
				CLANG_WARN_OBJC_IMPLICIT_RETAIN_SELF = YES;
				CLANG_WARN_OBJC_LITERAL_CONVERSION = YES;
				CLANG_WARN_OBJC_ROOT_CLASS = YES_ERROR;
				CLANG_WARN_QUOTED_INCLUDE_IN_FRAMEWORK_HEADER = YES;
				CLANG_WARN_RANGE_LOOP_ANALYSIS = YES;
				CLANG_WARN_STRICT_PROTOTYPES = YES;
				CLANG_WARN_SUSPICIOUS_MOVE = YES;
				CLANG_WARN_UNGUARDED_AVAILABILITY = YES_AGGRESSIVE;
				CLANG_WARN_UNREACHABLE_CODE = YES;
				CLANG_WARN__DUPLICATE_METHOD_MATCH = YES;
				COPY_PHASE_STRIP = NO;
				DEBUG_INFORMATION_FORMAT = "dwarf-with-dsym";
				ENABLE_NS_ASSERTIONS = NO;
				ENABLE_STRICT_OBJC_MSGSEND = YES;
				ENABLE_USER_SCRIPT_SANDBOXING = YES;
				GCC_C_LANGUAGE_STANDARD = gnu17;
				GCC_NO_COMMON_BLOCKS = YES;
				GCC_WARN_64_TO_32_BIT_CONVERSION = YES;
				GCC_WARN_ABOUT_RETURN_TYPE = YES_ERROR;
				GCC_WARN_UNDECLARED_SELECTOR = YES;
				GCC_WARN_UNINITIALIZED_AUTOS = YES_AGGRESSIVE;
				GCC_WARN_UNUSED_FUNCTION = YES;
				GCC_WARN_UNUSED_VARIABLE = YES;
				IPHONEOS_DEPLOYMENT_TARGET = 17.5;
				LOCALIZATION_PREFERS_STRING_CATALOGS = YES;
				MTL_ENABLE_DEBUG_INFO = NO;
				MTL_FAST_MATH = YES;
				SDKROOT = iphoneos;
				SWIFT_COMPILATION_MODE = wholemodule;
				VALIDATE_PRODUCT = YES;
			};
			name = Release;
		};
		D863CAF42C48076100842EBE /* Debug */ = {
			isa = XCBuildConfiguration;
			buildSettings = {
				ASSETCATALOG_COMPILER_APPICON_NAME = AppIcon;
				ASSETCATALOG_COMPILER_GLOBAL_ACCENT_COLOR_NAME = AccentColor;
				CODE_SIGN_ENTITLEMENTS = FeedbackAssistant/FeedbackAssistant.entitlements;
				CODE_SIGN_STYLE = Automatic;
				CURRENT_PROJECT_VERSION = 1;
				DEVELOPMENT_ASSET_PATHS = "\"FeedbackAssistant/Preview Content\"";
				DEVELOPMENT_TEAM = AGUQ6CK2QV;
				ENABLE_PREVIEWS = YES;
				GENERATE_INFOPLIST_FILE = YES;
				INFOPLIST_FILE = FeedbackAssistant/Info.plist;
				INFOPLIST_KEY_UIApplicationSceneManifest_Generation = YES;
				INFOPLIST_KEY_UIApplicationSupportsIndirectInputEvents = YES;
				INFOPLIST_KEY_UILaunchScreen_Generation = YES;
				INFOPLIST_KEY_UISupportedInterfaceOrientations_iPad = "UIInterfaceOrientationPortrait UIInterfaceOrientationPortraitUpsideDown UIInterfaceOrientationLandscapeLeft UIInterfaceOrientationLandscapeRight";
				INFOPLIST_KEY_UISupportedInterfaceOrientations_iPhone = "UIInterfaceOrientationPortrait UIInterfaceOrientationLandscapeLeft UIInterfaceOrientationLandscapeRight";
				LD_RUNPATH_SEARCH_PATHS = (
					"$(inherited)",
					"@executable_path/Frameworks",
				);
				MARKETING_VERSION = 1.0;
				PRODUCT_BUNDLE_IDENTIFIER = me.eng.yg.FeedbackAssistant;
				PRODUCT_NAME = "$(TARGET_NAME)";
				SWIFT_EMIT_LOC_STRINGS = YES;
				SWIFT_VERSION = 5.0;
				TARGETED_DEVICE_FAMILY = "1,2";
			};
			name = Debug;
		};
		D863CAF52C48076100842EBE /* Release */ = {
			isa = XCBuildConfiguration;
			buildSettings = {
				ASSETCATALOG_COMPILER_APPICON_NAME = AppIcon;
				ASSETCATALOG_COMPILER_GLOBAL_ACCENT_COLOR_NAME = AccentColor;
				CODE_SIGN_ENTITLEMENTS = FeedbackAssistant/FeedbackAssistant.entitlements;
				CODE_SIGN_STYLE = Automatic;
				CURRENT_PROJECT_VERSION = 1;
				DEVELOPMENT_ASSET_PATHS = "\"FeedbackAssistant/Preview Content\"";
				DEVELOPMENT_TEAM = AGUQ6CK2QV;
				ENABLE_PREVIEWS = YES;
				GENERATE_INFOPLIST_FILE = YES;
				INFOPLIST_FILE = FeedbackAssistant/Info.plist;
				INFOPLIST_KEY_UIApplicationSceneManifest_Generation = YES;
				INFOPLIST_KEY_UIApplicationSupportsIndirectInputEvents = YES;
				INFOPLIST_KEY_UILaunchScreen_Generation = YES;
				INFOPLIST_KEY_UISupportedInterfaceOrientations_iPad = "UIInterfaceOrientationPortrait UIInterfaceOrientationPortraitUpsideDown UIInterfaceOrientationLandscapeLeft UIInterfaceOrientationLandscapeRight";
				INFOPLIST_KEY_UISupportedInterfaceOrientations_iPhone = "UIInterfaceOrientationPortrait UIInterfaceOrientationLandscapeLeft UIInterfaceOrientationLandscapeRight";
				LD_RUNPATH_SEARCH_PATHS = (
					"$(inherited)",
					"@executable_path/Frameworks",
				);
				MARKETING_VERSION = 1.0;
				PRODUCT_BUNDLE_IDENTIFIER = me.eng.yg.FeedbackAssistant;
				PRODUCT_NAME = "$(TARGET_NAME)";
				SWIFT_EMIT_LOC_STRINGS = YES;
				SWIFT_VERSION = 5.0;
				TARGETED_DEVICE_FAMILY = "1,2";
			};
			name = Release;
		};
/* End XCBuildConfiguration section */

/* Begin XCConfigurationList section */
		D863CAE02C48076000842EBE /* Build configuration list for PBXProject "FeedbackAssistant" */ = {
			isa = XCConfigurationList;
			buildConfigurations = (
				D863CAF12C48076100842EBE /* Debug */,
				D863CAF22C48076100842EBE /* Release */,
			);
			defaultConfigurationIsVisible = 0;
			defaultConfigurationName = Release;
		};
		D863CAF32C48076100842EBE /* Build configuration list for PBXNativeTarget "FeedbackAssistant" */ = {
			isa = XCConfigurationList;
			buildConfigurations = (
				D863CAF42C48076100842EBE /* Debug */,
				D863CAF52C48076100842EBE /* Release */,
			);
			defaultConfigurationIsVisible = 0;
			defaultConfigurationName = Release;
		};
/* End XCConfigurationList section */

/* Begin XCVersionGroup section */
		D87FCDDF2C489FDD00451197 /* Main.xcdatamodeld */ = {
			isa = XCVersionGroup;
			children = (
				D87FCDE02C489FDD00451197 /* Main.xcdatamodel */,
			);
			currentVersion = D87FCDE02C489FDD00451197 /* Main.xcdatamodel */;
			name = Main.xcdatamodeld;
			path = /Users/yg/Documents/100DaysOfSwiftUI/FeedbackAssistant/FeedbackAssistant/Main.xcdatamodeld;
			sourceTree = "<group>";
			versionGroupType = wrapper.xcdatamodel;
		};
/* End XCVersionGroup section */
	};
	rootObject = D863CADD2C48076000842EBE /* Project object */;
}
