// !$*UTF8*$!
{
	archiveVersion = 1;
	classes = {
	};
	objectVersion = 56;
	objects = {

/* Begin PBXBuildFile section */
		D80D49122C5BC4F700C156D1 /* WidgetKit.framework in Frameworks */ = {isa = PBXBuildFile; fileRef = D80D49112C5BC4F700C156D1 /* WidgetKit.framework */; };
		D80D49142C5BC4F700C156D1 /* SwiftUI.framework in Frameworks */ = {isa = PBXBuildFile; fileRef = D80D49132C5BC4F700C156D1 /* SwiftUI.framework */; };
		D80D49172C5BC4F700C156D1 /* FeedbackAssistantWidgetBundle.swift in Sources */ = {isa = PBXBuildFile; fileRef = D80D49162C5BC4F700C156D1 /* FeedbackAssistantWidgetBundle.swift */; };
		D80D49192C5BC4F700C156D1 /* FeedbackAssistantWidget.swift in Sources */ = {isa = PBXBuildFile; fileRef = D80D49182C5BC4F700C156D1 /* FeedbackAssistantWidget.swift */; };
		D80D491B2C5BC4F800C156D1 /* Assets.xcassets in Resources */ = {isa = PBXBuildFile; fileRef = D80D491A2C5BC4F800C156D1 /* Assets.xcassets */; };
		D80D491F2C5BC4F800C156D1 /* FeedbackAssistantWidgetExtension.appex in Embed Foundation Extensions */ = {isa = PBXBuildFile; fileRef = D80D490F2C5BC4F700C156D1 /* FeedbackAssistantWidgetExtension.appex */; settings = {ATTRIBUTES = (RemoveHeadersOnCopy, ); }; };
		D80D49242C5BC79200C156D1 /* Main.xcdatamodeld in Sources */ = {isa = PBXBuildFile; fileRef = D87FCDDF2C489FDD00451197 /* Main.xcdatamodeld */; };
		D80D49252C5BC7B100C156D1 /* DataController.swift in Sources */ = {isa = PBXBuildFile; fileRef = D87FCDE22C48A2FE00451197 /* DataController.swift */; };
		D80D49262C5BC7B500C156D1 /* Issue-CoreDataHelpers.swift in Sources */ = {isa = PBXBuildFile; fileRef = D818ED0B2C494AF00066540A /* Issue-CoreDataHelpers.swift */; };
		D80D49272C5BC7B800C156D1 /* Tag-CoreDataHelpers.swift in Sources */ = {isa = PBXBuildFile; fileRef = D818ED272C494C890066540A /* Tag-CoreDataHelpers.swift */; };
		D80D49282C5BC80500C156D1 /* Filter.swift in Sources */ = {isa = PBXBuildFile; fileRef = D867A7EA2C48C90F0012B397 /* Filter.swift */; };
		D80D492B2C5BC83B00C156D1 /* DataController-StoreKit.swift in Sources */ = {isa = PBXBuildFile; fileRef = D86E879B2C59F3B9004B6592 /* DataController-StoreKit.swift */; };
		D80D492D2C5BC8A900C156D1 /* DataController-Awards.swift in Sources */ = {isa = PBXBuildFile; fileRef = D80D492C2C5BC8A900C156D1 /* DataController-Awards.swift */; };
		D80EECA12C49FDD00098CC8A /* .gitignore in Resources */ = {isa = PBXBuildFile; fileRef = D80EECA02C49FDD00098CC8A /* .gitignore */; };
		D80EECA32C4A009F0098CC8A /* IssueView.swift in Sources */ = {isa = PBXBuildFile; fileRef = D80EECA22C4A009F0098CC8A /* IssueView.swift */; };
		D80EECA52C4A00A60098CC8A /* NoIssueView.swift in Sources */ = {isa = PBXBuildFile; fileRef = D80EECA42C4A00A60098CC8A /* NoIssueView.swift */; };
		D818ED0C2C494AF00066540A /* Issue-CoreDataHelpers.swift in Sources */ = {isa = PBXBuildFile; fileRef = D818ED0B2C494AF00066540A /* Issue-CoreDataHelpers.swift */; };
		D818ED282C494C890066540A /* Tag-CoreDataHelpers.swift in Sources */ = {isa = PBXBuildFile; fileRef = D818ED272C494C890066540A /* Tag-CoreDataHelpers.swift */; };
		D818ED2C2C49530C0066540A /* IssueRow.swift in Sources */ = {isa = PBXBuildFile; fileRef = D818ED2B2C49530C0066540A /* IssueRow.swift */; };
		D82AC0792C50B2B0009E7407 /* FeedbackAssistantTests.swift in Sources */ = {isa = PBXBuildFile; fileRef = D82AC0782C50B2B0009E7407 /* FeedbackAssistantTests.swift */; };
		D82AC0812C50B688009E7407 /* AssetTests.swift in Sources */ = {isa = PBXBuildFile; fileRef = D82AC0802C50B688009E7407 /* AssetTests.swift */; };
		D82AC0832C50BFE7009E7407 /* TagTests.swift in Sources */ = {isa = PBXBuildFile; fileRef = D82AC0822C50BFE7009E7407 /* TagTests.swift */; };
		D844DC0B2C4FD8740041A140 /* TagsMenuView.swift in Sources */ = {isa = PBXBuildFile; fileRef = D844DC0A2C4FD8740041A140 /* TagsMenuView.swift */; };
		D844DC0D2C4FD9C10041A140 /* SmartFilterRow.swift in Sources */ = {isa = PBXBuildFile; fileRef = D844DC0C2C4FD9C10041A140 /* SmartFilterRow.swift */; };
		D844DC0F2C4FDAEC0041A140 /* UserFilterRow.swift in Sources */ = {isa = PBXBuildFile; fileRef = D844DC0E2C4FDAEC0041A140 /* UserFilterRow.swift */; };
		D84CA03A2C53D496005E291F /* SidebarViewModel.swift in Sources */ = {isa = PBXBuildFile; fileRef = D84CA0392C53D496005E291F /* SidebarViewModel.swift */; };
		D85713CB2C591193003DC6C3 /* DataController-Notifications.swift in Sources */ = {isa = PBXBuildFile; fileRef = D85713CA2C591193003DC6C3 /* DataController-Notifications.swift */; };
		D8608E0A2C511B0B00796A4A /* AwardsTest.swift in Sources */ = {isa = PBXBuildFile; fileRef = D8608E092C511B0B00796A4A /* AwardsTest.swift */; };
		D8608E0C2C5123D600796A4A /* DevelopmentTests.swift in Sources */ = {isa = PBXBuildFile; fileRef = D8608E0B2C5123D600796A4A /* DevelopmentTests.swift */; };
		D8608E0E2C512C9600796A4A /* ExtensionTests.swift in Sources */ = {isa = PBXBuildFile; fileRef = D8608E0D2C512C9600796A4A /* ExtensionTests.swift */; };
		D8608E112C51412400796A4A /* DecodableDictionary.json in Resources */ = {isa = PBXBuildFile; fileRef = D8608E102C51412400796A4A /* DecodableDictionary.json */; };
		D8608E132C51416500796A4A /* DecodableString.json in Resources */ = {isa = PBXBuildFile; fileRef = D8608E122C51416500796A4A /* DecodableString.json */; };
		D863CAE92C48076000842EBE /* FeedbackAssistantApp.swift in Sources */ = {isa = PBXBuildFile; fileRef = D863CAE82C48076000842EBE /* FeedbackAssistantApp.swift */; };
		D863CAEB2C48076000842EBE /* ContentView.swift in Sources */ = {isa = PBXBuildFile; fileRef = D863CAEA2C48076000842EBE /* ContentView.swift */; };
		D863CAED2C48076100842EBE /* Assets.xcassets in Resources */ = {isa = PBXBuildFile; fileRef = D863CAEC2C48076100842EBE /* Assets.xcassets */; };
		D863CAF02C48076100842EBE /* Preview Assets.xcassets in Resources */ = {isa = PBXBuildFile; fileRef = D863CAEF2C48076100842EBE /* Preview Assets.xcassets */; };
		D867A7E72C48C8240012B397 /* SidebarView.swift in Sources */ = {isa = PBXBuildFile; fileRef = D867A7E62C48C8240012B397 /* SidebarView.swift */; };
		D867A7E92C48C82D0012B397 /* DetailView.swift in Sources */ = {isa = PBXBuildFile; fileRef = D867A7E82C48C82D0012B397 /* DetailView.swift */; };
		D867A7EB2C48C90F0012B397 /* Filter.swift in Sources */ = {isa = PBXBuildFile; fileRef = D867A7EA2C48C90F0012B397 /* Filter.swift */; };
		D86D79C62C4E180D0051EF57 /* Bundle-Decodable.swift in Sources */ = {isa = PBXBuildFile; fileRef = D86D79C52C4E180D0051EF57 /* Bundle-Decodable.swift */; };
		D86E879C2C59F3B9004B6592 /* DataController-StoreKit.swift in Sources */ = {isa = PBXBuildFile; fileRef = D86E879B2C59F3B9004B6592 /* DataController-StoreKit.swift */; };
		D86E879F2C59F84B004B6592 /* StoreView.swift in Sources */ = {isa = PBXBuildFile; fileRef = D86E879E2C59F84B004B6592 /* StoreView.swift */; };
		D873E42B2C5279BD00701C8A /* PerformanceTests.swift in Sources */ = {isa = PBXBuildFile; fileRef = D873E42A2C5279BD00701C8A /* PerformanceTests.swift */; };
		D873E4352C52853700701C8A /* FeedbackAssistantUITests.swift in Sources */ = {isa = PBXBuildFile; fileRef = D873E4342C52853700701C8A /* FeedbackAssistantUITests.swift */; };
		D873E4372C52853700701C8A /* FeedbackAssistantUITestsLaunchTests.swift in Sources */ = {isa = PBXBuildFile; fileRef = D873E4362C52853700701C8A /* FeedbackAssistantUITestsLaunchTests.swift */; };
		D87FCDE12C489FDD00451197 /* Main.xcdatamodeld in Sources */ = {isa = PBXBuildFile; fileRef = D87FCDDF2C489FDD00451197 /* Main.xcdatamodeld */; };
		D87FCDE32C48A2FE00451197 /* DataController.swift in Sources */ = {isa = PBXBuildFile; fileRef = D87FCDE22C48A2FE00451197 /* DataController.swift */; };
		D8814AF92C4F390000F29B18 /* Localizable.xcstrings in Resources */ = {isa = PBXBuildFile; fileRef = D8814AF82C4F390000F29B18 /* Localizable.xcstrings */; };
		D8814AFB2C4F56CE00F29B18 /* SidebarViewToolbar.swift in Sources */ = {isa = PBXBuildFile; fileRef = D8814AFA2C4F56CE00F29B18 /* SidebarViewToolbar.swift */; };
		D8814AFD2C4F59A000F29B18 /* IssueViewToolbar.swift in Sources */ = {isa = PBXBuildFile; fileRef = D8814AFC2C4F59A000F29B18 /* IssueViewToolbar.swift */; };
		D8814AFF2C4F5A9200F29B18 /* ContentViewToolbar.swift in Sources */ = {isa = PBXBuildFile; fileRef = D8814AFE2C4F5A9200F29B18 /* ContentViewToolbar.swift */; };
		D8F207BB2C4E865300A43FC5 /* Colors.xcassets in Resources */ = {isa = PBXBuildFile; fileRef = D8F207B92C4E865300A43FC5 /* Colors.xcassets */; };
		D8F207BC2C4E865300A43FC5 /* Awards.json in Resources */ = {isa = PBXBuildFile; fileRef = D8F207BA2C4E865300A43FC5 /* Awards.json */; };
		D8F207BE2C4E86F700A43FC5 /* Award.swift in Sources */ = {isa = PBXBuildFile; fileRef = D8F207BD2C4E86F700A43FC5 /* Award.swift */; };
		D8F207C02C4E880600A43FC5 /* AwardsView.swift in Sources */ = {isa = PBXBuildFile; fileRef = D8F207BF2C4E880600A43FC5 /* AwardsView.swift */; };
		D8F6C9882C5B327B0058E08A /* AppDelegate.swift in Sources */ = {isa = PBXBuildFile; fileRef = D8F6C9872C5B327B0058E08A /* AppDelegate.swift */; };
		D8F6C98A2C5B329B0058E08A /* SceneDelegate.swift in Sources */ = {isa = PBXBuildFile; fileRef = D8F6C9892C5B329B0058E08A /* SceneDelegate.swift */; };
		D8F6EA8B2C566E7E009CA730 /* ContentViewModel.swift in Sources */ = {isa = PBXBuildFile; fileRef = D8F6EA8A2C566E7E009CA730 /* ContentViewModel.swift */; };
		D8F6EA8D2C566FE9009CA730 /* IssueRowViewModel.swift in Sources */ = {isa = PBXBuildFile; fileRef = D8F6EA8C2C566FE9009CA730 /* IssueRowViewModel.swift */; };
/* End PBXBuildFile section */

/* Begin PBXContainerItemProxy section */
		D80D491D2C5BC4F800C156D1 /* PBXContainerItemProxy */ = {
			isa = PBXContainerItemProxy;
			containerPortal = D863CADD2C48076000842EBE /* Project object */;
			proxyType = 1;
			remoteGlobalIDString = D80D490E2C5BC4F700C156D1;
			remoteInfo = FeedbackAssistantWidgetExtension;
		};
		D82AC07A2C50B2B0009E7407 /* PBXContainerItemProxy */ = {
			isa = PBXContainerItemProxy;
			containerPortal = D863CADD2C48076000842EBE /* Project object */;
			proxyType = 1;
			remoteGlobalIDString = D863CAE42C48076000842EBE;
			remoteInfo = FeedbackAssistant;
		};
		D873E4382C52853700701C8A /* PBXContainerItemProxy */ = {
			isa = PBXContainerItemProxy;
			containerPortal = D863CADD2C48076000842EBE /* Project object */;
			proxyType = 1;
			remoteGlobalIDString = D863CAE42C48076000842EBE;
			remoteInfo = FeedbackAssistant;
		};
/* End PBXContainerItemProxy section */

/* Begin PBXCopyFilesBuildPhase section */
		D80D49232C5BC4F800C156D1 /* Embed Foundation Extensions */ = {
			isa = PBXCopyFilesBuildPhase;
			buildActionMask = 2147483647;
			dstPath = "";
			dstSubfolderSpec = 13;
			files = (
				D80D491F2C5BC4F800C156D1 /* FeedbackAssistantWidgetExtension.appex in Embed Foundation Extensions */,
			);
			name = "Embed Foundation Extensions";
			runOnlyForDeploymentPostprocessing = 0;
		};
/* End PBXCopyFilesBuildPhase section */

/* Begin PBXFileReference section */
		D80D490F2C5BC4F700C156D1 /* FeedbackAssistantWidgetExtension.appex */ = {isa = PBXFileReference; explicitFileType = "wrapper.app-extension"; includeInIndex = 0; path = FeedbackAssistantWidgetExtension.appex; sourceTree = BUILT_PRODUCTS_DIR; };
		D80D49112C5BC4F700C156D1 /* WidgetKit.framework */ = {isa = PBXFileReference; lastKnownFileType = wrapper.framework; name = WidgetKit.framework; path = System/Library/Frameworks/WidgetKit.framework; sourceTree = SDKROOT; };
		D80D49132C5BC4F700C156D1 /* SwiftUI.framework */ = {isa = PBXFileReference; lastKnownFileType = wrapper.framework; name = SwiftUI.framework; path = System/Library/Frameworks/SwiftUI.framework; sourceTree = SDKROOT; };
		D80D49162C5BC4F700C156D1 /* FeedbackAssistantWidgetBundle.swift */ = {isa = PBXFileReference; lastKnownFileType = sourcecode.swift; path = FeedbackAssistantWidgetBundle.swift; sourceTree = "<group>"; };
		D80D49182C5BC4F700C156D1 /* FeedbackAssistantWidget.swift */ = {isa = PBXFileReference; lastKnownFileType = sourcecode.swift; path = FeedbackAssistantWidget.swift; sourceTree = "<group>"; };
		D80D491A2C5BC4F800C156D1 /* Assets.xcassets */ = {isa = PBXFileReference; lastKnownFileType = folder.assetcatalog; path = Assets.xcassets; sourceTree = "<group>"; };
		D80D491C2C5BC4F800C156D1 /* Info.plist */ = {isa = PBXFileReference; lastKnownFileType = text.plist.xml; path = Info.plist; sourceTree = "<group>"; };
		D80D492C2C5BC8A900C156D1 /* DataController-Awards.swift */ = {isa = PBXFileReference; lastKnownFileType = sourcecode.swift; path = "DataController-Awards.swift"; sourceTree = "<group>"; };
		D80D492E2C5BC9C100C156D1 /* FeedbackAssistantWidgetExtension.entitlements */ = {isa = PBXFileReference; lastKnownFileType = text.plist.entitlements; path = FeedbackAssistantWidgetExtension.entitlements; sourceTree = "<group>"; };
		D80EECA02C49FDD00098CC8A /* .gitignore */ = {isa = PBXFileReference; lastKnownFileType = text; path = .gitignore; sourceTree = "<group>"; };
		D80EECA22C4A009F0098CC8A /* IssueView.swift */ = {isa = PBXFileReference; lastKnownFileType = sourcecode.swift; path = IssueView.swift; sourceTree = "<group>"; };
		D80EECA42C4A00A60098CC8A /* NoIssueView.swift */ = {isa = PBXFileReference; lastKnownFileType = sourcecode.swift; path = NoIssueView.swift; sourceTree = "<group>"; };
		D818ED0B2C494AF00066540A /* Issue-CoreDataHelpers.swift */ = {isa = PBXFileReference; lastKnownFileType = sourcecode.swift; path = "Issue-CoreDataHelpers.swift"; sourceTree = "<group>"; };
		D818ED272C494C890066540A /* Tag-CoreDataHelpers.swift */ = {isa = PBXFileReference; lastKnownFileType = sourcecode.swift; path = "Tag-CoreDataHelpers.swift"; sourceTree = "<group>"; };
		D818ED2B2C49530C0066540A /* IssueRow.swift */ = {isa = PBXFileReference; lastKnownFileType = sourcecode.swift; path = IssueRow.swift; sourceTree = "<group>"; };
		D82AC0762C50B2B0009E7407 /* FeedbackAssistantTests.xctest */ = {isa = PBXFileReference; explicitFileType = wrapper.cfbundle; includeInIndex = 0; path = FeedbackAssistantTests.xctest; sourceTree = BUILT_PRODUCTS_DIR; };
		D82AC0782C50B2B0009E7407 /* FeedbackAssistantTests.swift */ = {isa = PBXFileReference; lastKnownFileType = sourcecode.swift; path = FeedbackAssistantTests.swift; sourceTree = "<group>"; };
		D82AC0802C50B688009E7407 /* AssetTests.swift */ = {isa = PBXFileReference; lastKnownFileType = sourcecode.swift; path = AssetTests.swift; sourceTree = "<group>"; };
		D82AC0822C50BFE7009E7407 /* TagTests.swift */ = {isa = PBXFileReference; lastKnownFileType = sourcecode.swift; path = TagTests.swift; sourceTree = "<group>"; };
		D844DC0A2C4FD8740041A140 /* TagsMenuView.swift */ = {isa = PBXFileReference; lastKnownFileType = sourcecode.swift; path = TagsMenuView.swift; sourceTree = "<group>"; };
		D844DC0C2C4FD9C10041A140 /* SmartFilterRow.swift */ = {isa = PBXFileReference; lastKnownFileType = sourcecode.swift; path = SmartFilterRow.swift; sourceTree = "<group>"; };
		D844DC0E2C4FDAEC0041A140 /* UserFilterRow.swift */ = {isa = PBXFileReference; lastKnownFileType = sourcecode.swift; path = UserFilterRow.swift; sourceTree = "<group>"; };
		D84CA0392C53D496005E291F /* SidebarViewModel.swift */ = {isa = PBXFileReference; lastKnownFileType = sourcecode.swift; path = SidebarViewModel.swift; sourceTree = "<group>"; };
		D85713CA2C591193003DC6C3 /* DataController-Notifications.swift */ = {isa = PBXFileReference; lastKnownFileType = sourcecode.swift; path = "DataController-Notifications.swift"; sourceTree = "<group>"; };
		D8608E092C511B0B00796A4A /* AwardsTest.swift */ = {isa = PBXFileReference; lastKnownFileType = sourcecode.swift; path = AwardsTest.swift; sourceTree = "<group>"; };
		D8608E0B2C5123D600796A4A /* DevelopmentTests.swift */ = {isa = PBXFileReference; lastKnownFileType = sourcecode.swift; path = DevelopmentTests.swift; sourceTree = "<group>"; };
		D8608E0D2C512C9600796A4A /* ExtensionTests.swift */ = {isa = PBXFileReference; lastKnownFileType = sourcecode.swift; path = ExtensionTests.swift; sourceTree = "<group>"; };
		D8608E102C51412400796A4A /* DecodableDictionary.json */ = {isa = PBXFileReference; lastKnownFileType = text.json; path = DecodableDictionary.json; sourceTree = "<group>"; };
		D8608E122C51416500796A4A /* DecodableString.json */ = {isa = PBXFileReference; lastKnownFileType = text.json; path = DecodableString.json; sourceTree = "<group>"; };
		D863CAE52C48076000842EBE /* FeedbackAssistant.app */ = {isa = PBXFileReference; explicitFileType = wrapper.application; includeInIndex = 0; path = FeedbackAssistant.app; sourceTree = BUILT_PRODUCTS_DIR; };
		D863CAE82C48076000842EBE /* FeedbackAssistantApp.swift */ = {isa = PBXFileReference; lastKnownFileType = sourcecode.swift; path = FeedbackAssistantApp.swift; sourceTree = "<group>"; };
		D863CAEA2C48076000842EBE /* ContentView.swift */ = {isa = PBXFileReference; lastKnownFileType = sourcecode.swift; path = ContentView.swift; sourceTree = "<group>"; };
		D863CAEC2C48076100842EBE /* Assets.xcassets */ = {isa = PBXFileReference; lastKnownFileType = folder.assetcatalog; path = Assets.xcassets; sourceTree = "<group>"; };
		D863CAEF2C48076100842EBE /* Preview Assets.xcassets */ = {isa = PBXFileReference; lastKnownFileType = folder.assetcatalog; path = "Preview Assets.xcassets"; sourceTree = "<group>"; };
		D867A7E62C48C8240012B397 /* SidebarView.swift */ = {isa = PBXFileReference; lastKnownFileType = sourcecode.swift; path = SidebarView.swift; sourceTree = "<group>"; };
		D867A7E82C48C82D0012B397 /* DetailView.swift */ = {isa = PBXFileReference; lastKnownFileType = sourcecode.swift; path = DetailView.swift; sourceTree = "<group>"; };
		D867A7EA2C48C90F0012B397 /* Filter.swift */ = {isa = PBXFileReference; lastKnownFileType = sourcecode.swift; path = Filter.swift; sourceTree = "<group>"; };
		D86D79C52C4E180D0051EF57 /* Bundle-Decodable.swift */ = {isa = PBXFileReference; lastKnownFileType = sourcecode.swift; path = "Bundle-Decodable.swift"; sourceTree = "<group>"; };
		D86E879A2C59F2AB004B6592 /* Configuration.storekit */ = {isa = PBXFileReference; lastKnownFileType = text; path = Configuration.storekit; sourceTree = "<group>"; };
		D86E879B2C59F3B9004B6592 /* DataController-StoreKit.swift */ = {isa = PBXFileReference; lastKnownFileType = sourcecode.swift; path = "DataController-StoreKit.swift"; sourceTree = "<group>"; };
		D86E879E2C59F84B004B6592 /* StoreView.swift */ = {isa = PBXFileReference; lastKnownFileType = sourcecode.swift; path = StoreView.swift; sourceTree = "<group>"; };
		D873E42A2C5279BD00701C8A /* PerformanceTests.swift */ = {isa = PBXFileReference; lastKnownFileType = sourcecode.swift; path = PerformanceTests.swift; sourceTree = "<group>"; };
		D873E4322C52853700701C8A /* FeedbackAssistantUITests.xctest */ = {isa = PBXFileReference; explicitFileType = wrapper.cfbundle; includeInIndex = 0; path = FeedbackAssistantUITests.xctest; sourceTree = BUILT_PRODUCTS_DIR; };
		D873E4342C52853700701C8A /* FeedbackAssistantUITests.swift */ = {isa = PBXFileReference; lastKnownFileType = sourcecode.swift; path = FeedbackAssistantUITests.swift; sourceTree = "<group>"; };
		D873E4362C52853700701C8A /* FeedbackAssistantUITestsLaunchTests.swift */ = {isa = PBXFileReference; lastKnownFileType = sourcecode.swift; path = FeedbackAssistantUITestsLaunchTests.swift; sourceTree = "<group>"; };
		D87FCDE02C489FDD00451197 /* Main.xcdatamodel */ = {isa = PBXFileReference; lastKnownFileType = wrapper.xcdatamodel; path = Main.xcdatamodel; sourceTree = "<group>"; };
		D87FCDE22C48A2FE00451197 /* DataController.swift */ = {isa = PBXFileReference; lastKnownFileType = sourcecode.swift; path = DataController.swift; sourceTree = "<group>"; };
		D87FCDE42C48AEDF00451197 /* FeedbackAssistant.entitlements */ = {isa = PBXFileReference; lastKnownFileType = text.plist.entitlements; path = FeedbackAssistant.entitlements; sourceTree = "<group>"; };
		D87FCDE52C48AEE800451197 /* Info.plist */ = {isa = PBXFileReference; lastKnownFileType = text.plist; path = Info.plist; sourceTree = "<group>"; };
		D8814AF82C4F390000F29B18 /* Localizable.xcstrings */ = {isa = PBXFileReference; lastKnownFileType = text.json.xcstrings; path = Localizable.xcstrings; sourceTree = "<group>"; };
		D8814AFA2C4F56CE00F29B18 /* SidebarViewToolbar.swift */ = {isa = PBXFileReference; lastKnownFileType = sourcecode.swift; path = SidebarViewToolbar.swift; sourceTree = "<group>"; };
		D8814AFC2C4F59A000F29B18 /* IssueViewToolbar.swift */ = {isa = PBXFileReference; lastKnownFileType = sourcecode.swift; path = IssueViewToolbar.swift; sourceTree = "<group>"; };
		D8814AFE2C4F5A9200F29B18 /* ContentViewToolbar.swift */ = {isa = PBXFileReference; lastKnownFileType = sourcecode.swift; path = ContentViewToolbar.swift; sourceTree = "<group>"; };
		D8F207B92C4E865300A43FC5 /* Colors.xcassets */ = {isa = PBXFileReference; lastKnownFileType = folder.assetcatalog; path = Colors.xcassets; sourceTree = "<group>"; };
		D8F207BA2C4E865300A43FC5 /* Awards.json */ = {isa = PBXFileReference; fileEncoding = 4; lastKnownFileType = text.json; path = Awards.json; sourceTree = "<group>"; };
		D8F207BD2C4E86F700A43FC5 /* Award.swift */ = {isa = PBXFileReference; lastKnownFileType = sourcecode.swift; path = Award.swift; sourceTree = "<group>"; };
		D8F207BF2C4E880600A43FC5 /* AwardsView.swift */ = {isa = PBXFileReference; lastKnownFileType = sourcecode.swift; path = AwardsView.swift; sourceTree = "<group>"; };
		D8F6C9872C5B327B0058E08A /* AppDelegate.swift */ = {isa = PBXFileReference; lastKnownFileType = sourcecode.swift; path = AppDelegate.swift; sourceTree = "<group>"; };
		D8F6C9892C5B329B0058E08A /* SceneDelegate.swift */ = {isa = PBXFileReference; lastKnownFileType = sourcecode.swift; path = SceneDelegate.swift; sourceTree = "<group>"; };
		D8F6EA8A2C566E7E009CA730 /* ContentViewModel.swift */ = {isa = PBXFileReference; lastKnownFileType = sourcecode.swift; path = ContentViewModel.swift; sourceTree = "<group>"; };
		D8F6EA8C2C566FE9009CA730 /* IssueRowViewModel.swift */ = {isa = PBXFileReference; lastKnownFileType = sourcecode.swift; path = IssueRowViewModel.swift; sourceTree = "<group>"; };
/* End PBXFileReference section */

/* Begin PBXFrameworksBuildPhase section */
		D80D490C2C5BC4F700C156D1 /* Frameworks */ = {
			isa = PBXFrameworksBuildPhase;
			buildActionMask = 2147483647;
			files = (
				D80D49142C5BC4F700C156D1 /* SwiftUI.framework in Frameworks */,
				D80D49122C5BC4F700C156D1 /* WidgetKit.framework in Frameworks */,
			);
			runOnlyForDeploymentPostprocessing = 0;
		};
		D82AC0732C50B2B0009E7407 /* Frameworks */ = {
			isa = PBXFrameworksBuildPhase;
			buildActionMask = 2147483647;
			files = (
			);
			runOnlyForDeploymentPostprocessing = 0;
		};
		D863CAE22C48076000842EBE /* Frameworks */ = {
			isa = PBXFrameworksBuildPhase;
			buildActionMask = 2147483647;
			files = (
			);
			runOnlyForDeploymentPostprocessing = 0;
		};
		D873E42F2C52853700701C8A /* Frameworks */ = {
			isa = PBXFrameworksBuildPhase;
			buildActionMask = 2147483647;
			files = (
			);
			runOnlyForDeploymentPostprocessing = 0;
		};
/* End PBXFrameworksBuildPhase section */

/* Begin PBXGroup section */
		D80D49102C5BC4F700C156D1 /* Frameworks */ = {
			isa = PBXGroup;
			children = (
				D80D49112C5BC4F700C156D1 /* WidgetKit.framework */,
				D80D49132C5BC4F700C156D1 /* SwiftUI.framework */,
			);
			name = Frameworks;
			sourceTree = "<group>";
		};
		D80D49152C5BC4F700C156D1 /* FeedbackAssistantWidget */ = {
			isa = PBXGroup;
			children = (
				D80D49162C5BC4F700C156D1 /* FeedbackAssistantWidgetBundle.swift */,
				D80D49182C5BC4F700C156D1 /* FeedbackAssistantWidget.swift */,
				D80D491A2C5BC4F800C156D1 /* Assets.xcassets */,
				D80D491C2C5BC4F800C156D1 /* Info.plist */,
			);
			path = FeedbackAssistantWidget;
			sourceTree = "<group>";
		};
		D82AC06C2C50B063009E7407 /* Filters */ = {
			isa = PBXGroup;
			children = (
				D867A7EA2C48C90F0012B397 /* Filter.swift */,
				D867A7E62C48C8240012B397 /* SidebarView.swift */,
				D84CA0392C53D496005E291F /* SidebarViewModel.swift */,
				D8814AFA2C4F56CE00F29B18 /* SidebarViewToolbar.swift */,
				D844DC0C2C4FD9C10041A140 /* SmartFilterRow.swift */,
				D844DC0E2C4FDAEC0041A140 /* UserFilterRow.swift */,
			);
			path = Filters;
			sourceTree = "<group>";
		};
		D82AC06D2C50B0C7009E7407 /* Issues */ = {
			isa = PBXGroup;
			children = (
				D863CAEA2C48076000842EBE /* ContentView.swift */,
				D8814AFE2C4F5A9200F29B18 /* ContentViewToolbar.swift */,
				D8F6EA8A2C566E7E009CA730 /* ContentViewModel.swift */,
				D818ED2B2C49530C0066540A /* IssueRow.swift */,
				D8F6EA8C2C566FE9009CA730 /* IssueRowViewModel.swift */,
			);
			path = Issues;
			sourceTree = "<group>";
		};
		D82AC06E2C50B0F4009E7407 /* Editing */ = {
			isa = PBXGroup;
			children = (
				D867A7E82C48C82D0012B397 /* DetailView.swift */,
				D80EECA22C4A009F0098CC8A /* IssueView.swift */,
				D8814AFC2C4F59A000F29B18 /* IssueViewToolbar.swift */,
				D844DC0A2C4FD8740041A140 /* TagsMenuView.swift */,
				D80EECA42C4A00A60098CC8A /* NoIssueView.swift */,
			);
			path = Editing;
			sourceTree = "<group>";
		};
		D82AC06F2C50B12C009E7407 /* Awards */ = {
			isa = PBXGroup;
			children = (
				D8F207BD2C4E86F700A43FC5 /* Award.swift */,
				D8F207BA2C4E865300A43FC5 /* Awards.json */,
				D8F207BF2C4E880600A43FC5 /* AwardsView.swift */,
			);
			path = Awards;
			sourceTree = "<group>";
		};
		D82AC0702C50B166009E7407 /* Extensions */ = {
			isa = PBXGroup;
			children = (
				D86D79C52C4E180D0051EF57 /* Bundle-Decodable.swift */,
				D818ED0B2C494AF00066540A /* Issue-CoreDataHelpers.swift */,
				D818ED272C494C890066540A /* Tag-CoreDataHelpers.swift */,
			);
			path = Extensions;
			sourceTree = "<group>";
		};
		D82AC0712C50B189009E7407 /* Controllers */ = {
			isa = PBXGroup;
			children = (
				D87FCDE22C48A2FE00451197 /* DataController.swift */,
				D80D492C2C5BC8A900C156D1 /* DataController-Awards.swift */,
				D85713CA2C591193003DC6C3 /* DataController-Notifications.swift */,
				D86E879B2C59F3B9004B6592 /* DataController-StoreKit.swift */,
			);
			path = Controllers;
			sourceTree = "<group>";
		};
		D82AC0772C50B2B0009E7407 /* FeedbackAssistantTests */ = {
			isa = PBXGroup;
			children = (
				D8608E0F2C5140D800796A4A /* Fixtures */,
				D82AC0782C50B2B0009E7407 /* FeedbackAssistantTests.swift */,
				D82AC0802C50B688009E7407 /* AssetTests.swift */,
				D8608E0B2C5123D600796A4A /* DevelopmentTests.swift */,
				D8608E0D2C512C9600796A4A /* ExtensionTests.swift */,
				D82AC0822C50BFE7009E7407 /* TagTests.swift */,
				D8608E092C511B0B00796A4A /* AwardsTest.swift */,
				D873E42A2C5279BD00701C8A /* PerformanceTests.swift */,
			);
			path = FeedbackAssistantTests;
			sourceTree = "<group>";
		};
		D8608E0F2C5140D800796A4A /* Fixtures */ = {
			isa = PBXGroup;
			children = (
				D8608E102C51412400796A4A /* DecodableDictionary.json */,
				D8608E122C51416500796A4A /* DecodableString.json */,
			);
			path = Fixtures;
			sourceTree = "<group>";
		};
		D863CADC2C48076000842EBE = {
			isa = PBXGroup;
			children = (
				D80D492E2C5BC9C100C156D1 /* FeedbackAssistantWidgetExtension.entitlements */,
				D863CAE72C48076000842EBE /* FeedbackAssistant */,
				D82AC0772C50B2B0009E7407 /* FeedbackAssistantTests */,
				D873E4332C52853700701C8A /* FeedbackAssistantUITests */,
				D80D49152C5BC4F700C156D1 /* FeedbackAssistantWidget */,
				D80D49102C5BC4F700C156D1 /* Frameworks */,
				D863CAE62C48076000842EBE /* Products */,
			);
			sourceTree = "<group>";
		};
		D863CAE62C48076000842EBE /* Products */ = {
			isa = PBXGroup;
			children = (
				D863CAE52C48076000842EBE /* FeedbackAssistant.app */,
				D82AC0762C50B2B0009E7407 /* FeedbackAssistantTests.xctest */,
				D873E4322C52853700701C8A /* FeedbackAssistantUITests.xctest */,
				D80D490F2C5BC4F700C156D1 /* FeedbackAssistantWidgetExtension.appex */,
			);
			name = Products;
			sourceTree = "<group>";
		};
		D863CAE72C48076000842EBE /* FeedbackAssistant */ = {
			isa = PBXGroup;
			children = (
				D86E879D2C59F83F004B6592 /* Store */,
				D82AC0712C50B189009E7407 /* Controllers */,
				D82AC0702C50B166009E7407 /* Extensions */,
				D82AC06F2C50B12C009E7407 /* Awards */,
				D82AC06E2C50B0F4009E7407 /* Editing */,
				D82AC06D2C50B0C7009E7407 /* Issues */,
				D82AC06C2C50B063009E7407 /* Filters */,
				D87FCDE52C48AEE800451197 /* Info.plist */,
				D86E879A2C59F2AB004B6592 /* Configuration.storekit */,
				D87FCDE42C48AEDF00451197 /* FeedbackAssistant.entitlements */,
				D863CAE82C48076000842EBE /* FeedbackAssistantApp.swift */,
				D87FCDDF2C489FDD00451197 /* Main.xcdatamodeld */,
				D8814AF82C4F390000F29B18 /* Localizable.xcstrings */,
				D80EECA02C49FDD00098CC8A /* .gitignore */,
				D863CAEC2C48076100842EBE /* Assets.xcassets */,
				D8F207B92C4E865300A43FC5 /* Colors.xcassets */,
				D863CAEE2C48076100842EBE /* Preview Content */,
				D8F6C9872C5B327B0058E08A /* AppDelegate.swift */,
				D8F6C9892C5B329B0058E08A /* SceneDelegate.swift */,
			);
			path = FeedbackAssistant;
			sourceTree = "<group>";
		};
		D863CAEE2C48076100842EBE /* Preview Content */ = {
			isa = PBXGroup;
			children = (
				D863CAEF2C48076100842EBE /* Preview Assets.xcassets */,
			);
			path = "Preview Content";
			sourceTree = "<group>";
		};
		D86E879D2C59F83F004B6592 /* Store */ = {
			isa = PBXGroup;
			children = (
				D86E879E2C59F84B004B6592 /* StoreView.swift */,
			);
			path = Store;
			sourceTree = "<group>";
		};
		D873E4332C52853700701C8A /* FeedbackAssistantUITests */ = {
			isa = PBXGroup;
			children = (
				D873E4342C52853700701C8A /* FeedbackAssistantUITests.swift */,
				D873E4362C52853700701C8A /* FeedbackAssistantUITestsLaunchTests.swift */,
			);
			path = FeedbackAssistantUITests;
			sourceTree = "<group>";
		};
/* End PBXGroup section */

/* Begin PBXNativeTarget section */
		D80D490E2C5BC4F700C156D1 /* FeedbackAssistantWidgetExtension */ = {
			isa = PBXNativeTarget;
			buildConfigurationList = D80D49202C5BC4F800C156D1 /* Build configuration list for PBXNativeTarget "FeedbackAssistantWidgetExtension" */;
			buildPhases = (
				D80D490B2C5BC4F700C156D1 /* Sources */,
				D80D490C2C5BC4F700C156D1 /* Frameworks */,
				D80D490D2C5BC4F700C156D1 /* Resources */,
			);
			buildRules = (
			);
			dependencies = (
			);
			name = FeedbackAssistantWidgetExtension;
			productName = FeedbackAssistantWidgetExtension;
			productReference = D80D490F2C5BC4F700C156D1 /* FeedbackAssistantWidgetExtension.appex */;
			productType = "com.apple.product-type.app-extension";
		};
		D82AC0752C50B2B0009E7407 /* FeedbackAssistantTests */ = {
			isa = PBXNativeTarget;
			buildConfigurationList = D82AC07C2C50B2B0009E7407 /* Build configuration list for PBXNativeTarget "FeedbackAssistantTests" */;
			buildPhases = (
				D82AC0722C50B2B0009E7407 /* Sources */,
				D82AC0732C50B2B0009E7407 /* Frameworks */,
				D82AC0742C50B2B0009E7407 /* Resources */,
			);
			buildRules = (
			);
			dependencies = (
				D82AC07B2C50B2B0009E7407 /* PBXTargetDependency */,
			);
			name = FeedbackAssistantTests;
			productName = FeedbackAssistantTests;
			productReference = D82AC0762C50B2B0009E7407 /* FeedbackAssistantTests.xctest */;
			productType = "com.apple.product-type.bundle.unit-test";
		};
		D863CAE42C48076000842EBE /* FeedbackAssistant */ = {
			isa = PBXNativeTarget;
			buildConfigurationList = D863CAF32C48076100842EBE /* Build configuration list for PBXNativeTarget "FeedbackAssistant" */;
			buildPhases = (
				D863CAE12C48076000842EBE /* Sources */,
				D863CAE22C48076000842EBE /* Frameworks */,
				D863CAE32C48076000842EBE /* Resources */,
				D80D49232C5BC4F800C156D1 /* Embed Foundation Extensions */,
			);
			buildRules = (
			);
			dependencies = (
				D80D491E2C5BC4F800C156D1 /* PBXTargetDependency */,
			);
			name = FeedbackAssistant;
			productName = FeedbackAssistant;
			productReference = D863CAE52C48076000842EBE /* FeedbackAssistant.app */;
			productType = "com.apple.product-type.application";
		};
		D873E4312C52853700701C8A /* FeedbackAssistantUITests */ = {
			isa = PBXNativeTarget;
			buildConfigurationList = D873E43A2C52853700701C8A /* Build configuration list for PBXNativeTarget "FeedbackAssistantUITests" */;
			buildPhases = (
				D873E42E2C52853700701C8A /* Sources */,
				D873E42F2C52853700701C8A /* Frameworks */,
				D873E4302C52853700701C8A /* Resources */,
			);
			buildRules = (
			);
			dependencies = (
				D873E4392C52853700701C8A /* PBXTargetDependency */,
			);
			name = FeedbackAssistantUITests;
			productName = FeedbackAssistantUITests;
			productReference = D873E4322C52853700701C8A /* FeedbackAssistantUITests.xctest */;
			productType = "com.apple.product-type.bundle.ui-testing";
		};
/* End PBXNativeTarget section */

/* Begin PBXProject section */
		D863CADD2C48076000842EBE /* Project object */ = {
			isa = PBXProject;
			attributes = {
				BuildIndependentTargetsInParallel = 1;
				LastSwiftUpdateCheck = 1540;
				LastUpgradeCheck = 1540;
				TargetAttributes = {
					D80D490E2C5BC4F700C156D1 = {
						CreatedOnToolsVersion = 15.4;
					};
					D82AC0752C50B2B0009E7407 = {
						CreatedOnToolsVersion = 15.4;
						TestTargetID = D863CAE42C48076000842EBE;
					};
					D863CAE42C48076000842EBE = {
						CreatedOnToolsVersion = 15.4;
					};
					D873E4312C52853700701C8A = {
						CreatedOnToolsVersion = 15.4;
						TestTargetID = D863CAE42C48076000842EBE;
					};
				};
			};
			buildConfigurationList = D863CAE02C48076000842EBE /* Build configuration list for PBXProject "FeedbackAssistant" */;
			compatibilityVersion = "Xcode 14.0";
			developmentRegion = en;
			hasScannedForEncodings = 0;
			knownRegions = (
				en,
				Base,
				"zh-Hans",
			);
			mainGroup = D863CADC2C48076000842EBE;
			productRefGroup = D863CAE62C48076000842EBE /* Products */;
			projectDirPath = "";
			projectRoot = "";
			targets = (
				D863CAE42C48076000842EBE /* FeedbackAssistant */,
				D82AC0752C50B2B0009E7407 /* FeedbackAssistantTests */,
				D873E4312C52853700701C8A /* FeedbackAssistantUITests */,
				D80D490E2C5BC4F700C156D1 /* FeedbackAssistantWidgetExtension */,
			);
		};
/* End PBXProject section */

/* Begin PBXResourcesBuildPhase section */
		D80D490D2C5BC4F700C156D1 /* Resources */ = {
			isa = PBXResourcesBuildPhase;
			buildActionMask = 2147483647;
			files = (
				D80D491B2C5BC4F800C156D1 /* Assets.xcassets in Resources */,
			);
			runOnlyForDeploymentPostprocessing = 0;
		};
		D82AC0742C50B2B0009E7407 /* Resources */ = {
			isa = PBXResourcesBuildPhase;
			buildActionMask = 2147483647;
			files = (
				D8608E132C51416500796A4A /* DecodableString.json in Resources */,
				D8608E112C51412400796A4A /* DecodableDictionary.json in Resources */,
			);
			runOnlyForDeploymentPostprocessing = 0;
		};
		D863CAE32C48076000842EBE /* Resources */ = {
			isa = PBXResourcesBuildPhase;
			buildActionMask = 2147483647;
			files = (
				D863CAF02C48076100842EBE /* Preview Assets.xcassets in Resources */,
				D8F207BC2C4E865300A43FC5 /* Awards.json in Resources */,
				D8814AF92C4F390000F29B18 /* Localizable.xcstrings in Resources */,
				D8F207BB2C4E865300A43FC5 /* Colors.xcassets in Resources */,
				D80EECA12C49FDD00098CC8A /* .gitignore in Resources */,
				D863CAED2C48076100842EBE /* Assets.xcassets in Resources */,
			);
			runOnlyForDeploymentPostprocessing = 0;
		};
		D873E4302C52853700701C8A /* Resources */ = {
			isa = PBXResourcesBuildPhase;
			buildActionMask = 2147483647;
			files = (
			);
			runOnlyForDeploymentPostprocessing = 0;
		};
/* End PBXResourcesBuildPhase section */

/* Begin PBXSourcesBuildPhase section */
		D80D490B2C5BC4F700C156D1 /* Sources */ = {
			isa = PBXSourcesBuildPhase;
			buildActionMask = 2147483647;
			files = (
				D80D49282C5BC80500C156D1 /* Filter.swift in Sources */,
				D80D49262C5BC7B500C156D1 /* Issue-CoreDataHelpers.swift in Sources */,
				D80D49272C5BC7B800C156D1 /* Tag-CoreDataHelpers.swift in Sources */,
				D80D49242C5BC79200C156D1 /* Main.xcdatamodeld in Sources */,
				D80D492B2C5BC83B00C156D1 /* DataController-StoreKit.swift in Sources */,
				D80D49252C5BC7B100C156D1 /* DataController.swift in Sources */,
				D80D49172C5BC4F700C156D1 /* FeedbackAssistantWidgetBundle.swift in Sources */,
				D80D49192C5BC4F700C156D1 /* FeedbackAssistantWidget.swift in Sources */,
			);
			runOnlyForDeploymentPostprocessing = 0;
		};
		D82AC0722C50B2B0009E7407 /* Sources */ = {
			isa = PBXSourcesBuildPhase;
			buildActionMask = 2147483647;
			files = (
				D873E42B2C5279BD00701C8A /* PerformanceTests.swift in Sources */,
				D82AC0812C50B688009E7407 /* AssetTests.swift in Sources */,
				D8608E0A2C511B0B00796A4A /* AwardsTest.swift in Sources */,
				D82AC0832C50BFE7009E7407 /* TagTests.swift in Sources */,
				D8608E0E2C512C9600796A4A /* ExtensionTests.swift in Sources */,
				D82AC0792C50B2B0009E7407 /* FeedbackAssistantTests.swift in Sources */,
				D8608E0C2C5123D600796A4A /* DevelopmentTests.swift in Sources */,
			);
			runOnlyForDeploymentPostprocessing = 0;
		};
		D863CAE12C48076000842EBE /* Sources */ = {
			isa = PBXSourcesBuildPhase;
			buildActionMask = 2147483647;
			files = (
				D867A7EB2C48C90F0012B397 /* Filter.swift in Sources */,
				D844DC0B2C4FD8740041A140 /* TagsMenuView.swift in Sources */,
				D8F207BE2C4E86F700A43FC5 /* Award.swift in Sources */,
				D8814AFD2C4F59A000F29B18 /* IssueViewToolbar.swift in Sources */,
				D8F6C9882C5B327B0058E08A /* AppDelegate.swift in Sources */,
				D844DC0D2C4FD9C10041A140 /* SmartFilterRow.swift in Sources */,
				D8F207C02C4E880600A43FC5 /* AwardsView.swift in Sources */,
				D86E879C2C59F3B9004B6592 /* DataController-StoreKit.swift in Sources */,
				D85713CB2C591193003DC6C3 /* DataController-Notifications.swift in Sources */,
				D818ED282C494C890066540A /* Tag-CoreDataHelpers.swift in Sources */,
				D87FCDE12C489FDD00451197 /* Main.xcdatamodeld in Sources */,
				D818ED0C2C494AF00066540A /* Issue-CoreDataHelpers.swift in Sources */,
				D8F6C98A2C5B329B0058E08A /* SceneDelegate.swift in Sources */,
				D86D79C62C4E180D0051EF57 /* Bundle-Decodable.swift in Sources */,
				D867A7E92C48C82D0012B397 /* DetailView.swift in Sources */,
				D80D492D2C5BC8A900C156D1 /* DataController-Awards.swift in Sources */,
				D84CA03A2C53D496005E291F /* SidebarViewModel.swift in Sources */,
				D8F6EA8B2C566E7E009CA730 /* ContentViewModel.swift in Sources */,
				D87FCDE32C48A2FE00451197 /* DataController.swift in Sources */,
				D8814AFF2C4F5A9200F29B18 /* ContentViewToolbar.swift in Sources */,
				D867A7E72C48C8240012B397 /* SidebarView.swift in Sources */,
				D863CAEB2C48076000842EBE /* ContentView.swift in Sources */,
				D8814AFB2C4F56CE00F29B18 /* SidebarViewToolbar.swift in Sources */,
				D80EECA32C4A009F0098CC8A /* IssueView.swift in Sources */,
				D844DC0F2C4FDAEC0041A140 /* UserFilterRow.swift in Sources */,
				D80EECA52C4A00A60098CC8A /* NoIssueView.swift in Sources */,
				D818ED2C2C49530C0066540A /* IssueRow.swift in Sources */,
				D863CAE92C48076000842EBE /* FeedbackAssistantApp.swift in Sources */,
				D86E879F2C59F84B004B6592 /* StoreView.swift in Sources */,
				D8F6EA8D2C566FE9009CA730 /* IssueRowViewModel.swift in Sources */,
			);
			runOnlyForDeploymentPostprocessing = 0;
		};
		D873E42E2C52853700701C8A /* Sources */ = {
			isa = PBXSourcesBuildPhase;
			buildActionMask = 2147483647;
			files = (
				D873E4372C52853700701C8A /* FeedbackAssistantUITestsLaunchTests.swift in Sources */,
				D873E4352C52853700701C8A /* FeedbackAssistantUITests.swift in Sources */,
			);
			runOnlyForDeploymentPostprocessing = 0;
		};
/* End PBXSourcesBuildPhase section */

/* Begin PBXTargetDependency section */
		D80D491E2C5BC4F800C156D1 /* PBXTargetDependency */ = {
			isa = PBXTargetDependency;
			target = D80D490E2C5BC4F700C156D1 /* FeedbackAssistantWidgetExtension */;
			targetProxy = D80D491D2C5BC4F800C156D1 /* PBXContainerItemProxy */;
		};
		D82AC07B2C50B2B0009E7407 /* PBXTargetDependency */ = {
			isa = PBXTargetDependency;
			target = D863CAE42C48076000842EBE /* FeedbackAssistant */;
			targetProxy = D82AC07A2C50B2B0009E7407 /* PBXContainerItemProxy */;
		};
		D873E4392C52853700701C8A /* PBXTargetDependency */ = {
			isa = PBXTargetDependency;
			target = D863CAE42C48076000842EBE /* FeedbackAssistant */;
			targetProxy = D873E4382C52853700701C8A /* PBXContainerItemProxy */;
		};
/* End PBXTargetDependency section */

/* Begin XCBuildConfiguration section */
		D80D49212C5BC4F800C156D1 /* Debug */ = {
			isa = XCBuildConfiguration;
			buildSettings = {
				ASSETCATALOG_COMPILER_GLOBAL_ACCENT_COLOR_NAME = AccentColor;
				ASSETCATALOG_COMPILER_WIDGET_BACKGROUND_COLOR_NAME = WidgetBackground;
				CODE_SIGN_ENTITLEMENTS = FeedbackAssistantWidgetExtension.entitlements;
				CODE_SIGN_STYLE = Automatic;
				CURRENT_PROJECT_VERSION = 1;
				DEVELOPMENT_TEAM = AGUQ6CK2QV;
				GENERATE_INFOPLIST_FILE = YES;
				INFOPLIST_FILE = FeedbackAssistantWidget/Info.plist;
				INFOPLIST_KEY_CFBundleDisplayName = FeedbackAssistantWidget;
				INFOPLIST_KEY_NSHumanReadableCopyright = "";
				LD_RUNPATH_SEARCH_PATHS = (
					"$(inherited)",
					"@executable_path/Frameworks",
					"@executable_path/../../Frameworks",
				);
				MARKETING_VERSION = 1.0;
				PRODUCT_BUNDLE_IDENTIFIER = me.eng.yg.FeedbackAssistant.FeedbackAssistantWidget;
				PRODUCT_NAME = "$(TARGET_NAME)";
				SKIP_INSTALL = YES;
				SWIFT_EMIT_LOC_STRINGS = YES;
				SWIFT_VERSION = 5.0;
				TARGETED_DEVICE_FAMILY = "1,2";
			};
			name = Debug;
		};
		D80D49222C5BC4F800C156D1 /* Release */ = {
			isa = XCBuildConfiguration;
			buildSettings = {
				ASSETCATALOG_COMPILER_GLOBAL_ACCENT_COLOR_NAME = AccentColor;
				ASSETCATALOG_COMPILER_WIDGET_BACKGROUND_COLOR_NAME = WidgetBackground;
				CODE_SIGN_ENTITLEMENTS = FeedbackAssistantWidgetExtension.entitlements;
				CODE_SIGN_STYLE = Automatic;
				CURRENT_PROJECT_VERSION = 1;
				DEVELOPMENT_TEAM = AGUQ6CK2QV;
				GENERATE_INFOPLIST_FILE = YES;
				INFOPLIST_FILE = FeedbackAssistantWidget/Info.plist;
				INFOPLIST_KEY_CFBundleDisplayName = FeedbackAssistantWidget;
				INFOPLIST_KEY_NSHumanReadableCopyright = "";
				LD_RUNPATH_SEARCH_PATHS = (
					"$(inherited)",
					"@executable_path/Frameworks",
					"@executable_path/../../Frameworks",
				);
				MARKETING_VERSION = 1.0;
				PRODUCT_BUNDLE_IDENTIFIER = me.eng.yg.FeedbackAssistant.FeedbackAssistantWidget;
				PRODUCT_NAME = "$(TARGET_NAME)";
				SKIP_INSTALL = YES;
				SWIFT_EMIT_LOC_STRINGS = YES;
				SWIFT_VERSION = 5.0;
				TARGETED_DEVICE_FAMILY = "1,2";
			};
			name = Release;
		};
		D82AC07D2C50B2B0009E7407 /* Debug */ = {
			isa = XCBuildConfiguration;
			buildSettings = {
				BUNDLE_LOADER = "$(TEST_HOST)";
				CODE_SIGN_STYLE = Automatic;
				CURRENT_PROJECT_VERSION = 1;
				DEVELOPMENT_TEAM = AGUQ6CK2QV;
				GENERATE_INFOPLIST_FILE = YES;
				MARKETING_VERSION = 1.0;
				PRODUCT_BUNDLE_IDENTIFIER = me.eng.yg.FeedbackAssistantTests;
				PRODUCT_NAME = "$(TARGET_NAME)";
				SWIFT_EMIT_LOC_STRINGS = NO;
				SWIFT_VERSION = 5.0;
				TARGETED_DEVICE_FAMILY = "1,2";
				TEST_HOST = "$(BUILT_PRODUCTS_DIR)/FeedbackAssistant.app/$(BUNDLE_EXECUTABLE_FOLDER_PATH)/FeedbackAssistant";
			};
			name = Debug;
		};
		D82AC07E2C50B2B0009E7407 /* Release */ = {
			isa = XCBuildConfiguration;
			buildSettings = {
				BUNDLE_LOADER = "$(TEST_HOST)";
				CODE_SIGN_STYLE = Automatic;
				CURRENT_PROJECT_VERSION = 1;
				DEVELOPMENT_TEAM = AGUQ6CK2QV;
				GENERATE_INFOPLIST_FILE = YES;
				MARKETING_VERSION = 1.0;
				PRODUCT_BUNDLE_IDENTIFIER = me.eng.yg.FeedbackAssistantTests;
				PRODUCT_NAME = "$(TARGET_NAME)";
				SWIFT_EMIT_LOC_STRINGS = NO;
				SWIFT_VERSION = 5.0;
				TARGETED_DEVICE_FAMILY = "1,2";
				TEST_HOST = "$(BUILT_PRODUCTS_DIR)/FeedbackAssistant.app/$(BUNDLE_EXECUTABLE_FOLDER_PATH)/FeedbackAssistant";
			};
			name = Release;
		};
		D863CAF12C48076100842EBE /* Debug */ = {
			isa = XCBuildConfiguration;
			buildSettings = {
				ALWAYS_SEARCH_USER_PATHS = NO;
				ASSETCATALOG_COMPILER_GENERATE_SWIFT_ASSET_SYMBOL_EXTENSIONS = YES;
				CLANG_ANALYZER_NONNULL = YES;
				CLANG_ANALYZER_NUMBER_OBJECT_CONVERSION = YES_AGGRESSIVE;
				CLANG_CXX_LANGUAGE_STANDARD = "gnu++20";
				CLANG_ENABLE_MODULES = YES;
				CLANG_ENABLE_OBJC_ARC = YES;
				CLANG_ENABLE_OBJC_WEAK = YES;
				CLANG_WARN_BLOCK_CAPTURE_AUTORELEASING = YES;
				CLANG_WARN_BOOL_CONVERSION = YES;
				CLANG_WARN_COMMA = YES;
				CLANG_WARN_CONSTANT_CONVERSION = YES;
				CLANG_WARN_DEPRECATED_OBJC_IMPLEMENTATIONS = YES;
				CLANG_WARN_DIRECT_OBJC_ISA_USAGE = YES_ERROR;
				CLANG_WARN_DOCUMENTATION_COMMENTS = YES;
				CLANG_WARN_EMPTY_BODY = YES;
				CLANG_WARN_ENUM_CONVERSION = YES;
				CLANG_WARN_INFINITE_RECURSION = YES;
				CLANG_WARN_INT_CONVERSION = YES;
				CLANG_WARN_NON_LITERAL_NULL_CONVERSION = YES;
				CLANG_WARN_OBJC_IMPLICIT_RETAIN_SELF = YES;
				CLANG_WARN_OBJC_LITERAL_CONVERSION = YES;
				CLANG_WARN_OBJC_ROOT_CLASS = YES_ERROR;
				CLANG_WARN_QUOTED_INCLUDE_IN_FRAMEWORK_HEADER = YES;
				CLANG_WARN_RANGE_LOOP_ANALYSIS = YES;
				CLANG_WARN_STRICT_PROTOTYPES = YES;
				CLANG_WARN_SUSPICIOUS_MOVE = YES;
				CLANG_WARN_UNGUARDED_AVAILABILITY = YES_AGGRESSIVE;
				CLANG_WARN_UNREACHABLE_CODE = YES;
				CLANG_WARN__DUPLICATE_METHOD_MATCH = YES;
				COPY_PHASE_STRIP = NO;
				DEBUG_INFORMATION_FORMAT = dwarf;
				ENABLE_STRICT_OBJC_MSGSEND = YES;
				ENABLE_TESTABILITY = YES;
				ENABLE_USER_SCRIPT_SANDBOXING = YES;
				GCC_C_LANGUAGE_STANDARD = gnu17;
				GCC_DYNAMIC_NO_PIC = NO;
				GCC_NO_COMMON_BLOCKS = YES;
				GCC_OPTIMIZATION_LEVEL = 0;
				GCC_PREPROCESSOR_DEFINITIONS = (
					"DEBUG=1",
					"$(inherited)",
				);
				GCC_WARN_64_TO_32_BIT_CONVERSION = YES;
				GCC_WARN_ABOUT_RETURN_TYPE = YES_ERROR;
				GCC_WARN_UNDECLARED_SELECTOR = YES;
				GCC_WARN_UNINITIALIZED_AUTOS = YES_AGGRESSIVE;
				GCC_WARN_UNUSED_FUNCTION = YES;
				GCC_WARN_UNUSED_VARIABLE = YES;
				IPHONEOS_DEPLOYMENT_TARGET = 17.5;
				LOCALIZATION_PREFERS_STRING_CATALOGS = YES;
				MTL_ENABLE_DEBUG_INFO = INCLUDE_SOURCE;
				MTL_FAST_MATH = YES;
				ONLY_ACTIVE_ARCH = YES;
				SDKROOT = iphoneos;
				SWIFT_ACTIVE_COMPILATION_CONDITIONS = "DEBUG $(inherited)";
				SWIFT_OPTIMIZATION_LEVEL = "-Onone";
			};
			name = Debug;
		};
		D863CAF22C48076100842EBE /* Release */ = {
			isa = XCBuildConfiguration;
			buildSettings = {
				ALWAYS_SEARCH_USER_PATHS = NO;
				ASSETCATALOG_COMPILER_GENERATE_SWIFT_ASSET_SYMBOL_EXTENSIONS = YES;
				CLANG_ANALYZER_NONNULL = YES;
				CLANG_ANALYZER_NUMBER_OBJECT_CONVERSION = YES_AGGRESSIVE;
				CLANG_CXX_LANGUAGE_STANDARD = "gnu++20";
				CLANG_ENABLE_MODULES = YES;
				CLANG_ENABLE_OBJC_ARC = YES;
				CLANG_ENABLE_OBJC_WEAK = YES;
				CLANG_WARN_BLOCK_CAPTURE_AUTORELEASING = YES;
				CLANG_WARN_BOOL_CONVERSION = YES;
				CLANG_WARN_COMMA = YES;
				CLANG_WARN_CONSTANT_CONVERSION = YES;
				CLANG_WARN_DEPRECATED_OBJC_IMPLEMENTATIONS = YES;
				CLANG_WARN_DIRECT_OBJC_ISA_USAGE = YES_ERROR;
				CLANG_WARN_DOCUMENTATION_COMMENTS = YES;
				CLANG_WARN_EMPTY_BODY = YES;
				CLANG_WARN_ENUM_CONVERSION = YES;
				CLANG_WARN_INFINITE_RECURSION = YES;
				CLANG_WARN_INT_CONVERSION = YES;
				CLANG_WARN_NON_LITERAL_NULL_CONVERSION = YES;
				CLANG_WARN_OBJC_IMPLICIT_RETAIN_SELF = YES;
				CLANG_WARN_OBJC_LITERAL_CONVERSION = YES;
				CLANG_WARN_OBJC_ROOT_CLASS = YES_ERROR;
				CLANG_WARN_QUOTED_INCLUDE_IN_FRAMEWORK_HEADER = YES;
				CLANG_WARN_RANGE_LOOP_ANALYSIS = YES;
				CLANG_WARN_STRICT_PROTOTYPES = YES;
				CLANG_WARN_SUSPICIOUS_MOVE = YES;
				CLANG_WARN_UNGUARDED_AVAILABILITY = YES_AGGRESSIVE;
				CLANG_WARN_UNREACHABLE_CODE = YES;
				CLANG_WARN__DUPLICATE_METHOD_MATCH = YES;
				COPY_PHASE_STRIP = NO;
				DEBUG_INFORMATION_FORMAT = "dwarf-with-dsym";
				ENABLE_NS_ASSERTIONS = NO;
				ENABLE_STRICT_OBJC_MSGSEND = YES;
				ENABLE_USER_SCRIPT_SANDBOXING = YES;
				GCC_C_LANGUAGE_STANDARD = gnu17;
				GCC_NO_COMMON_BLOCKS = YES;
				GCC_WARN_64_TO_32_BIT_CONVERSION = YES;
				GCC_WARN_ABOUT_RETURN_TYPE = YES_ERROR;
				GCC_WARN_UNDECLARED_SELECTOR = YES;
				GCC_WARN_UNINITIALIZED_AUTOS = YES_AGGRESSIVE;
				GCC_WARN_UNUSED_FUNCTION = YES;
				GCC_WARN_UNUSED_VARIABLE = YES;
				IPHONEOS_DEPLOYMENT_TARGET = 17.5;
				LOCALIZATION_PREFERS_STRING_CATALOGS = YES;
				MTL_ENABLE_DEBUG_INFO = NO;
				MTL_FAST_MATH = YES;
				SDKROOT = iphoneos;
				SWIFT_COMPILATION_MODE = wholemodule;
				VALIDATE_PRODUCT = YES;
			};
			name = Release;
		};
		D863CAF42C48076100842EBE /* Debug */ = {
			isa = XCBuildConfiguration;
			buildSettings = {
				ALWAYS_EMBED_SWIFT_STANDARD_LIBRARIES = YES;
				ASSETCATALOG_COMPILER_APPICON_NAME = AppIcon;
				ASSETCATALOG_COMPILER_GLOBAL_ACCENT_COLOR_NAME = AccentColor;
				CODE_SIGN_ENTITLEMENTS = FeedbackAssistant/FeedbackAssistant.entitlements;
				CODE_SIGN_STYLE = Automatic;
				CURRENT_PROJECT_VERSION = 1;
				DEVELOPMENT_ASSET_PATHS = "\"FeedbackAssistant/Preview Content\"";
				DEVELOPMENT_TEAM = AGUQ6CK2QV;
				ENABLE_PREVIEWS = YES;
				GENERATE_INFOPLIST_FILE = YES;
				INFOPLIST_FILE = FeedbackAssistant/Info.plist;
				INFOPLIST_KEY_UIApplicationSceneManifest_Generation = YES;
				INFOPLIST_KEY_UIApplicationSupportsIndirectInputEvents = YES;
				INFOPLIST_KEY_UILaunchScreen_Generation = YES;
				INFOPLIST_KEY_UISupportedInterfaceOrientations_iPad = "UIInterfaceOrientationPortrait UIInterfaceOrientationPortraitUpsideDown UIInterfaceOrientationLandscapeLeft UIInterfaceOrientationLandscapeRight";
				INFOPLIST_KEY_UISupportedInterfaceOrientations_iPhone = "UIInterfaceOrientationPortrait UIInterfaceOrientationLandscapeLeft UIInterfaceOrientationLandscapeRight";
				LD_RUNPATH_SEARCH_PATHS = (
					"$(inherited)",
					"@executable_path/Frameworks",
				);
				MARKETING_VERSION = 1.0;
				PRODUCT_BUNDLE_IDENTIFIER = me.eng.yg.FeedbackAssistant;
				PRODUCT_NAME = "$(TARGET_NAME)";
				SWIFT_EMIT_LOC_STRINGS = YES;
				SWIFT_VERSION = 5.0;
				TARGETED_DEVICE_FAMILY = "1,2";
			};
			name = Debug;
		};
		D863CAF52C48076100842EBE /* Release */ = {
			isa = XCBuildConfiguration;
			buildSettings = {
				ALWAYS_EMBED_SWIFT_STANDARD_LIBRARIES = YES;
				ASSETCATALOG_COMPILER_APPICON_NAME = AppIcon;
				ASSETCATALOG_COMPILER_GLOBAL_ACCENT_COLOR_NAME = AccentColor;
				CODE_SIGN_ENTITLEMENTS = FeedbackAssistant/FeedbackAssistant.entitlements;
				CODE_SIGN_STYLE = Automatic;
				CURRENT_PROJECT_VERSION = 1;
				DEVELOPMENT_ASSET_PATHS = "\"FeedbackAssistant/Preview Content\"";
				DEVELOPMENT_TEAM = AGUQ6CK2QV;
				ENABLE_PREVIEWS = YES;
				GENERATE_INFOPLIST_FILE = YES;
				INFOPLIST_FILE = FeedbackAssistant/Info.plist;
				INFOPLIST_KEY_UIApplicationSceneManifest_Generation = YES;
				INFOPLIST_KEY_UIApplicationSupportsIndirectInputEvents = YES;
				INFOPLIST_KEY_UILaunchScreen_Generation = YES;
				INFOPLIST_KEY_UISupportedInterfaceOrientations_iPad = "UIInterfaceOrientationPortrait UIInterfaceOrientationPortraitUpsideDown UIInterfaceOrientationLandscapeLeft UIInterfaceOrientationLandscapeRight";
				INFOPLIST_KEY_UISupportedInterfaceOrientations_iPhone = "UIInterfaceOrientationPortrait UIInterfaceOrientationLandscapeLeft UIInterfaceOrientationLandscapeRight";
				LD_RUNPATH_SEARCH_PATHS = (
					"$(inherited)",
					"@executable_path/Frameworks",
				);
				MARKETING_VERSION = 1.0;
				PRODUCT_BUNDLE_IDENTIFIER = me.eng.yg.FeedbackAssistant;
				PRODUCT_NAME = "$(TARGET_NAME)";
				SWIFT_EMIT_LOC_STRINGS = YES;
				SWIFT_VERSION = 5.0;
				TARGETED_DEVICE_FAMILY = "1,2";
			};
			name = Release;
		};
		D873E43B2C52853700701C8A /* Debug */ = {
			isa = XCBuildConfiguration;
			buildSettings = {
				CODE_SIGN_STYLE = Automatic;
				CURRENT_PROJECT_VERSION = 1;
				DEVELOPMENT_TEAM = AGUQ6CK2QV;
				GENERATE_INFOPLIST_FILE = YES;
				MARKETING_VERSION = 1.0;
				PRODUCT_BUNDLE_IDENTIFIER = me.eng.yg.FeedbackAssistantUITests;
				PRODUCT_NAME = "$(TARGET_NAME)";
				SWIFT_EMIT_LOC_STRINGS = NO;
				SWIFT_VERSION = 5.0;
				TARGETED_DEVICE_FAMILY = "1,2";
				TEST_TARGET_NAME = FeedbackAssistant;
			};
			name = Debug;
		};
		D873E43C2C52853700701C8A /* Release */ = {
			isa = XCBuildConfiguration;
			buildSettings = {
				CODE_SIGN_STYLE = Automatic;
				CURRENT_PROJECT_VERSION = 1;
				DEVELOPMENT_TEAM = AGUQ6CK2QV;
				GENERATE_INFOPLIST_FILE = YES;
				MARKETING_VERSION = 1.0;
				PRODUCT_BUNDLE_IDENTIFIER = me.eng.yg.FeedbackAssistantUITests;
				PRODUCT_NAME = "$(TARGET_NAME)";
				SWIFT_EMIT_LOC_STRINGS = NO;
				SWIFT_VERSION = 5.0;
				TARGETED_DEVICE_FAMILY = "1,2";
				TEST_TARGET_NAME = FeedbackAssistant;
			};
			name = Release;
		};
/* End XCBuildConfiguration section */

/* Begin XCConfigurationList section */
		D80D49202C5BC4F800C156D1 /* Build configuration list for PBXNativeTarget "FeedbackAssistantWidgetExtension" */ = {
			isa = XCConfigurationList;
			buildConfigurations = (
				D80D49212C5BC4F800C156D1 /* Debug */,
				D80D49222C5BC4F800C156D1 /* Release */,
			);
			defaultConfigurationIsVisible = 0;
			defaultConfigurationName = Release;
		};
		D82AC07C2C50B2B0009E7407 /* Build configuration list for PBXNativeTarget "FeedbackAssistantTests" */ = {
			isa = XCConfigurationList;
			buildConfigurations = (
				D82AC07D2C50B2B0009E7407 /* Debug */,
				D82AC07E2C50B2B0009E7407 /* Release */,
			);
			defaultConfigurationIsVisible = 0;
			defaultConfigurationName = Release;
		};
		D863CAE02C48076000842EBE /* Build configuration list for PBXProject "FeedbackAssistant" */ = {
			isa = XCConfigurationList;
			buildConfigurations = (
				D863CAF12C48076100842EBE /* Debug */,
				D863CAF22C48076100842EBE /* Release */,
			);
			defaultConfigurationIsVisible = 0;
			defaultConfigurationName = Release;
		};
		D863CAF32C48076100842EBE /* Build configuration list for PBXNativeTarget "FeedbackAssistant" */ = {
			isa = XCConfigurationList;
			buildConfigurations = (
				D863CAF42C48076100842EBE /* Debug */,
				D863CAF52C48076100842EBE /* Release */,
			);
			defaultConfigurationIsVisible = 0;
			defaultConfigurationName = Release;
		};
		D873E43A2C52853700701C8A /* Build configuration list for PBXNativeTarget "FeedbackAssistantUITests" */ = {
			isa = XCConfigurationList;
			buildConfigurations = (
				D873E43B2C52853700701C8A /* Debug */,
				D873E43C2C52853700701C8A /* Release */,
			);
			defaultConfigurationIsVisible = 0;
			defaultConfigurationName = Release;
		};
/* End XCConfigurationList section */

/* Begin XCVersionGroup section */
		D87FCDDF2C489FDD00451197 /* Main.xcdatamodeld */ = {
			isa = XCVersionGroup;
			children = (
				D87FCDE02C489FDD00451197 /* Main.xcdatamodel */,
			);
			currentVersion = D87FCDE02C489FDD00451197 /* Main.xcdatamodel */;
			name = Main.xcdatamodeld;
			path = /Users/yg/Documents/100DaysOfSwiftUI/FeedbackAssistant/FeedbackAssistant/Main.xcdatamodeld;
			sourceTree = "<group>";
			versionGroupType = wrapper.xcdatamodel;
		};
/* End XCVersionGroup section */
	};
	rootObject = D863CADD2C48076000842EBE /* Project object */;
}
